<?xml version="1.0" encoding="utf-8"?>
<Project ToolsVersion="4.0" xmlns="http://schemas.microsoft.com/developer/msbuild/2003">
  <ItemGroup>
    <Filter Include="Source Files">
      <UniqueIdentifier>{4FC737F1-C7A5-4376-A066-2A32D752A2FF}</UniqueIdentifier>
      <Extensions>cpp;c;cc;cxx;def;odl;idl;hpj;bat;asm;asmx</Extensions>
    </Filter>
    <Filter Include="Header Files">
      <UniqueIdentifier>{93995380-89BD-4b04-88EB-625FBE52EBFB}</UniqueIdentifier>
      <Extensions>h;hpp;hxx;hm;inl;inc;xsd</Extensions>
    </Filter>
    <Filter Include="Resource Files">
      <UniqueIdentifier>{67DA6AB6-F800-4c08-8B7A-83BB121AAD01}</UniqueIdentifier>
      <Extensions>rc;ico;cur;bmp;dlg;rc2;rct;bin;rgs;gif;jpg;jpeg;jpe;resx;tiff;tif;png;wav;mfcribbon-ms</Extensions>
    </Filter>
    <Filter Include="Interface">
      <UniqueIdentifier>{642a0db4-a5b3-4967-bf5c-37f0ee32e700}</UniqueIdentifier>
    </Filter>
    <Filter Include="Header Files\Geometry">
      <UniqueIdentifier>{c8a6c01f-b0a8-495b-84a7-d6020ccdf804}</UniqueIdentifier>
    </Filter>
    <Filter Include="Header Files\Geometry\VertexAttributes">
      <UniqueIdentifier>{41d9b98d-4619-446c-8bf0-91f4d47e9e9f}</UniqueIdentifier>
    </Filter>
    <Filter Include="Header Files\Geometry\Indices">
      <UniqueIdentifier>{4d952600-cad4-4107-9d4e-cbb9c0e8cb6a}</UniqueIdentifier>
    </Filter>
    <Filter Include="Interface\Geometry">
      <UniqueIdentifier>{4030f845-c0f3-4c71-92f1-c892ffbb4f31}</UniqueIdentifier>
    </Filter>
    <Filter Include="Interface\Geometry\Indices">
      <UniqueIdentifier>{8cc2a92a-e76d-4ca4-9ad2-ccf1c466140a}</UniqueIdentifier>
    </Filter>
    <Filter Include="Interface\Geometry\VertexAttributes">
      <UniqueIdentifier>{ff2257d4-cbf1-4309-921c-e064cb8f7400}</UniqueIdentifier>
    </Filter>
    <Filter Include="Source Files\Geometry">
      <UniqueIdentifier>{25993daf-5579-40b7-844e-9fb6981dd416}</UniqueIdentifier>
    </Filter>
    <Filter Include="Source Files\Geometry\Indices">
      <UniqueIdentifier>{873b3446-26cd-4434-8351-9e8e3216cf23}</UniqueIdentifier>
    </Filter>
    <Filter Include="Source Files\Geometry\VertexAttributes">
      <UniqueIdentifier>{1f3b5d46-0148-473a-9c18-6392a7fd3fbf}</UniqueIdentifier>
    </Filter>
    <Filter Include="Header Files\Ressouces">
      <UniqueIdentifier>{a6b6bd49-e414-46ca-a824-46820866f523}</UniqueIdentifier>
    </Filter>
    <Filter Include="Source Files\Ressources">
      <UniqueIdentifier>{c92e6e6d-6987-416e-9068-a32df0ba122c}</UniqueIdentifier>
    </Filter>
  </ItemGroup>
  <ItemGroup>
    <ClInclude Include="..\..\Includes\BowLogger.h">
      <Filter>Header Files</Filter>
    </ClInclude>
    <ClInclude Include="..\..\Includes\LongBow.h">
      <Filter>Header Files</Filter>
    </ClInclude>
    <ClInclude Include="..\..\Includes\BowUsedSTL.h">
      <Filter>Header Files</Filter>
    </ClInclude>
    <ClInclude Include="..\..\Includes\ICleanable.h">
      <Filter>Interface</Filter>
    </ClInclude>
    <ClInclude Include="..\..\Includes\ICleanableObserver.h">
      <Filter>Interface</Filter>
    </ClInclude>
    <ClInclude Include="..\..\Includes\BowIndicesUnsignedInt.h">
      <Filter>Header Files\Geometry\Indices</Filter>
    </ClInclude>
    <ClInclude Include="..\..\Includes\IBowIndicesBase.h">
      <Filter>Interface\Geometry\Indices</Filter>
    </ClInclude>
    <ClInclude Include="..\..\Includes\IBowVertexAttribute.h">
      <Filter>Interface\Geometry\VertexAttributes</Filter>
    </ClInclude>
    <ClInclude Include="..\..\Includes\BowIndicesUnsignedShort.h">
      <Filter>Header Files\Geometry\Indices</Filter>
    </ClInclude>
    <ClInclude Include="..\..\Includes\BowVertexAttributeFloat.h">
      <Filter>Header Files\Geometry\VertexAttributes</Filter>
    </ClInclude>
    <ClInclude Include="..\..\Includes\BowVertexAttributeFloatVec3.h">
      <Filter>Header Files\Geometry\VertexAttributes</Filter>
    </ClInclude>
    <ClInclude Include="..\..\Includes\BowBitmap.h">
      <Filter>Header Files\Ressouces</Filter>
    </ClInclude>
  </ItemGroup>
  <ItemGroup>
    <ClCompile Include="BowLogger.cpp">
      <Filter>Source Files</Filter>
    </ClCompile>
    <ClCompile Include="BowIndicesUnsignedInt.cpp">
      <Filter>Source Files\Geometry\Indices</Filter>
    </ClCompile>
    <ClCompile Include="BowIndicesUnsignedShort.cpp">
      <Filter>Source Files\Geometry\Indices</Filter>
    </ClCompile>
    <ClCompile Include="BowVertexAttributeFloat.cpp">
      <Filter>Source Files\Geometry\VertexAttributes</Filter>
    </ClCompile>
    <ClCompile Include="BowVertexAttributeFloatVec3.cpp">
      <Filter>Source Files\Geometry\VertexAttributes</Filter>
    </ClCompile>
    <ClCompile Include="BowBitmap.cpp">
      <Filter>Source Files\Ressources</Filter>
    </ClCompile>
  </ItemGroup>
</Project>