
Microsoft Visual Studio Solution File, Format Version 12.00
# Visual Studio 14
VisualStudioVersion = 14.0.25420.1
MinimumVisualStudioVersion = 10.0.40219.1
Project("{2150E333-8FDC-42A3-9474-1A3956D46DE8}") = "Engine", "Engine", "{2A14EDD8-5A81-4EB1-940F-59182E9F56FE}"
EndProject
Project("{2150E333-8FDC-42A3-9474-1A3956D46DE8}") = "Samples", "Samples", "{9B129EA1-D4F7-49C8-AD58-84FE40446B81}"
EndProject
Project("{2150E333-8FDC-42A3-9474-1A3956D46DE8}") = "RenderSystems", "RenderSystems", "{F3F1A1D5-AA9E-4E05-8979-8A6604414CA2}"
EndProject
Project("{8BC9CEB8-8B4A-11D0-8D11-00A0C91BC942}") = "01_HelloWorld", "Samples\01_HelloWorld\01_HelloWorld.vcxproj", "{1BA5DE28-798A-4957-8D36-DDB6AF682D08}"
	ProjectSection(ProjectDependencies) = postProject
		{DCE18C0B-CC6A-4F93-8EEF-8D731D20DFA7} = {DCE18C0B-CC6A-4F93-8EEF-8D731D20DFA7}
		{88880C42-EC11-4BCA-B4FA-732BFB0CFBEF} = {88880C42-EC11-4BCA-B4FA-732BFB0CFBEF}
		{9738A64F-4C0D-4498-956C-234C49ECDFB1} = {9738A64F-4C0D-4498-956C-234C49ECDFB1}
		{428F0B65-3F68-47B7-B0F5-3CE711F2D28F} = {428F0B65-3F68-47B7-B0F5-3CE711F2D28F}
		{D1B3D672-1304-4EA4-8DEB-095D0656E932} = {D1B3D672-1304-4EA4-8DEB-095D0656E932}
		{5CB0E89A-8882-42E4-AF14-07F73D4DE92E} = {5CB0E89A-8882-42E4-AF14-07F73D4DE92E}
		{98CC71B1-381A-492A-B299-3F50021938BC} = {98CC71B1-381A-492A-B299-3F50021938BC}
		{A64D38B7-CD5C-48B7-B5C5-7F59329091E4} = {A64D38B7-CD5C-48B7-B5C5-7F59329091E4}
		{D8E11CB8-F387-4F05-B50C-671582AD9C0A} = {D8E11CB8-F387-4F05-B50C-671582AD9C0A}
		{D262FFD1-A4C1-45C1-9716-0ABED28C8B08} = {D262FFD1-A4C1-45C1-9716-0ABED28C8B08}
		{CD04AAD2-418F-4F66-9F61-9766DF21B1B9} = {CD04AAD2-418F-4F66-9F61-9766DF21B1B9}
		{2310A3EE-487B-4AEA-A75F-9D120DAC82F6} = {2310A3EE-487B-4AEA-A75F-9D120DAC82F6}
	EndProjectSection
EndProject
Project("{8BC9CEB8-8B4A-11D0-8D11-00A0C91BC942}") = "Core", "Engine\Core\Core.vcxproj", "{88880C42-EC11-4BCA-B4FA-732BFB0CFBEF}"
	ProjectSection(ProjectDependencies) = postProject
		{9738A64F-4C0D-4498-956C-234C49ECDFB1} = {9738A64F-4C0D-4498-956C-234C49ECDFB1}
	EndProjectSection
EndProject
Project("{8BC9CEB8-8B4A-11D0-8D11-00A0C91BC942}") = "Renderer", "Engine\Renderer\Renderer.vcxproj", "{D1B3D672-1304-4EA4-8DEB-095D0656E932}"
	ProjectSection(ProjectDependencies) = postProject
		{DCE18C0B-CC6A-4F93-8EEF-8D731D20DFA7} = {DCE18C0B-CC6A-4F93-8EEF-8D731D20DFA7}
		{88880C42-EC11-4BCA-B4FA-732BFB0CFBEF} = {88880C42-EC11-4BCA-B4FA-732BFB0CFBEF}
		{9738A64F-4C0D-4498-956C-234C49ECDFB1} = {9738A64F-4C0D-4498-956C-234C49ECDFB1}
	EndProjectSection
EndProject
Project("{8BC9CEB8-8B4A-11D0-8D11-00A0C91BC942}") = "02_Triangle", "Samples\02_Triangle\02_Triangle.vcxproj", "{89D17E5E-5926-44FF-9055-D1651EEABABB}"
	ProjectSection(ProjectDependencies) = postProject
		{DCE18C0B-CC6A-4F93-8EEF-8D731D20DFA7} = {DCE18C0B-CC6A-4F93-8EEF-8D731D20DFA7}
		{88880C42-EC11-4BCA-B4FA-732BFB0CFBEF} = {88880C42-EC11-4BCA-B4FA-732BFB0CFBEF}
		{9738A64F-4C0D-4498-956C-234C49ECDFB1} = {9738A64F-4C0D-4498-956C-234C49ECDFB1}
		{428F0B65-3F68-47B7-B0F5-3CE711F2D28F} = {428F0B65-3F68-47B7-B0F5-3CE711F2D28F}
		{D1B3D672-1304-4EA4-8DEB-095D0656E932} = {D1B3D672-1304-4EA4-8DEB-095D0656E932}
		{5CB0E89A-8882-42E4-AF14-07F73D4DE92E} = {5CB0E89A-8882-42E4-AF14-07F73D4DE92E}
		{98CC71B1-381A-492A-B299-3F50021938BC} = {98CC71B1-381A-492A-B299-3F50021938BC}
		{A64D38B7-CD5C-48B7-B5C5-7F59329091E4} = {A64D38B7-CD5C-48B7-B5C5-7F59329091E4}
		{D8E11CB8-F387-4F05-B50C-671582AD9C0A} = {D8E11CB8-F387-4F05-B50C-671582AD9C0A}
		{D262FFD1-A4C1-45C1-9716-0ABED28C8B08} = {D262FFD1-A4C1-45C1-9716-0ABED28C8B08}
		{CD04AAD2-418F-4F66-9F61-9766DF21B1B9} = {CD04AAD2-418F-4F66-9F61-9766DF21B1B9}
		{2310A3EE-487B-4AEA-A75F-9D120DAC82F6} = {2310A3EE-487B-4AEA-A75F-9D120DAC82F6}
	EndProjectSection
EndProject
Project("{8BC9CEB8-8B4A-11D0-8D11-00A0C91BC942}") = "03_Textures", "Samples\03_Textures\03_Textures.vcxproj", "{C9BA20CF-1651-4D65-B93B-F388969AB157}"
	ProjectSection(ProjectDependencies) = postProject
		{DCE18C0B-CC6A-4F93-8EEF-8D731D20DFA7} = {DCE18C0B-CC6A-4F93-8EEF-8D731D20DFA7}
		{88880C42-EC11-4BCA-B4FA-732BFB0CFBEF} = {88880C42-EC11-4BCA-B4FA-732BFB0CFBEF}
		{9738A64F-4C0D-4498-956C-234C49ECDFB1} = {9738A64F-4C0D-4498-956C-234C49ECDFB1}
		{428F0B65-3F68-47B7-B0F5-3CE711F2D28F} = {428F0B65-3F68-47B7-B0F5-3CE711F2D28F}
		{D1B3D672-1304-4EA4-8DEB-095D0656E932} = {D1B3D672-1304-4EA4-8DEB-095D0656E932}
		{5CB0E89A-8882-42E4-AF14-07F73D4DE92E} = {5CB0E89A-8882-42E4-AF14-07F73D4DE92E}
		{98CC71B1-381A-492A-B299-3F50021938BC} = {98CC71B1-381A-492A-B299-3F50021938BC}
		{A64D38B7-CD5C-48B7-B5C5-7F59329091E4} = {A64D38B7-CD5C-48B7-B5C5-7F59329091E4}
		{D8E11CB8-F387-4F05-B50C-671582AD9C0A} = {D8E11CB8-F387-4F05-B50C-671582AD9C0A}
		{D262FFD1-A4C1-45C1-9716-0ABED28C8B08} = {D262FFD1-A4C1-45C1-9716-0ABED28C8B08}
		{CD04AAD2-418F-4F66-9F61-9766DF21B1B9} = {CD04AAD2-418F-4F66-9F61-9766DF21B1B9}
		{2310A3EE-487B-4AEA-A75F-9D120DAC82F6} = {2310A3EE-487B-4AEA-A75F-9D120DAC82F6}
	EndProjectSection
EndProject
Project("{8BC9CEB8-8B4A-11D0-8D11-00A0C91BC942}") = "04_FrameBuffer", "Samples\04_FrameBuffer\04_FrameBuffer.vcxproj", "{D946F85F-1DF4-4948-8E17-702FAA38ACAF}"
	ProjectSection(ProjectDependencies) = postProject
		{DCE18C0B-CC6A-4F93-8EEF-8D731D20DFA7} = {DCE18C0B-CC6A-4F93-8EEF-8D731D20DFA7}
		{88880C42-EC11-4BCA-B4FA-732BFB0CFBEF} = {88880C42-EC11-4BCA-B4FA-732BFB0CFBEF}
		{9738A64F-4C0D-4498-956C-234C49ECDFB1} = {9738A64F-4C0D-4498-956C-234C49ECDFB1}
		{428F0B65-3F68-47B7-B0F5-3CE711F2D28F} = {428F0B65-3F68-47B7-B0F5-3CE711F2D28F}
		{D1B3D672-1304-4EA4-8DEB-095D0656E932} = {D1B3D672-1304-4EA4-8DEB-095D0656E932}
		{5CB0E89A-8882-42E4-AF14-07F73D4DE92E} = {5CB0E89A-8882-42E4-AF14-07F73D4DE92E}
		{98CC71B1-381A-492A-B299-3F50021938BC} = {98CC71B1-381A-492A-B299-3F50021938BC}
		{A64D38B7-CD5C-48B7-B5C5-7F59329091E4} = {A64D38B7-CD5C-48B7-B5C5-7F59329091E4}
		{D8E11CB8-F387-4F05-B50C-671582AD9C0A} = {D8E11CB8-F387-4F05-B50C-671582AD9C0A}
		{D262FFD1-A4C1-45C1-9716-0ABED28C8B08} = {D262FFD1-A4C1-45C1-9716-0ABED28C8B08}
		{CD04AAD2-418F-4F66-9F61-9766DF21B1B9} = {CD04AAD2-418F-4F66-9F61-9766DF21B1B9}
		{2310A3EE-487B-4AEA-A75F-9D120DAC82F6} = {2310A3EE-487B-4AEA-A75F-9D120DAC82F6}
	EndProjectSection
EndProject
Project("{8BC9CEB8-8B4A-11D0-8D11-00A0C91BC942}") = "OGLRenderDevice", "Engine\RenderSystems\OGLRenderDevice\OGLRenderDevice.vcxproj", "{CD04AAD2-418F-4F66-9F61-9766DF21B1B9}"
	ProjectSection(ProjectDependencies) = postProject
		{88880C42-EC11-4BCA-B4FA-732BFB0CFBEF} = {88880C42-EC11-4BCA-B4FA-732BFB0CFBEF}
		{9738A64F-4C0D-4498-956C-234C49ECDFB1} = {9738A64F-4C0D-4498-956C-234C49ECDFB1}
		{D1B3D672-1304-4EA4-8DEB-095D0656E932} = {D1B3D672-1304-4EA4-8DEB-095D0656E932}
	EndProjectSection
EndProject
Project("{2150E333-8FDC-42A3-9474-1A3956D46DE8}") = "InputSystems", "InputSystems", "{FABCE3CC-C166-48C4-8B4B-80EDD2301FF2}"
EndProject
Project("{8BC9CEB8-8B4A-11D0-8D11-00A0C91BC942}") = "Scene", "Engine\Scene\Scene.vcxproj", "{D262FFD1-A4C1-45C1-9716-0ABED28C8B08}"
	ProjectSection(ProjectDependencies) = postProject
		{9738A64F-4C0D-4498-956C-234C49ECDFB1} = {9738A64F-4C0D-4498-956C-234C49ECDFB1}
		{D1B3D672-1304-4EA4-8DEB-095D0656E932} = {D1B3D672-1304-4EA4-8DEB-095D0656E932}
	EndProjectSection
EndProject
Project("{8BC9CEB8-8B4A-11D0-8D11-00A0C91BC942}") = "Resources", "Engine\Resources\Resources.vcxproj", "{DCE18C0B-CC6A-4F93-8EEF-8D731D20DFA7}"
	ProjectSection(ProjectDependencies) = postProject
		{88880C42-EC11-4BCA-B4FA-732BFB0CFBEF} = {88880C42-EC11-4BCA-B4FA-732BFB0CFBEF}
		{9738A64F-4C0D-4498-956C-234C49ECDFB1} = {9738A64F-4C0D-4498-956C-234C49ECDFB1}
	EndProjectSection
EndProject
Project("{8BC9CEB8-8B4A-11D0-8D11-00A0C91BC942}") = "ThirdParty", "Engine\ThirdParty\ThirdParty.vcxproj", "{428F0B65-3F68-47B7-B0F5-3CE711F2D28F}"
EndProject
Project("{8BC9CEB8-8B4A-11D0-8D11-00A0C91BC942}") = "VulkanRenderDevice", "Engine\RenderSystems\VulkanRenderDevice\VulkanRenderDevice.vcxproj", "{98CC71B1-381A-492A-B299-3F50021938BC}"
	ProjectSection(ProjectDependencies) = postProject
		{88880C42-EC11-4BCA-B4FA-732BFB0CFBEF} = {88880C42-EC11-4BCA-B4FA-732BFB0CFBEF}
		{9738A64F-4C0D-4498-956C-234C49ECDFB1} = {9738A64F-4C0D-4498-956C-234C49ECDFB1}
		{D1B3D672-1304-4EA4-8DEB-095D0656E932} = {D1B3D672-1304-4EA4-8DEB-095D0656E932}
	EndProjectSection
EndProject
Project("{2150E333-8FDC-42A3-9474-1A3956D46DE8}") = "GlobeRendering", "GlobeRendering", "{CDF88B29-5E3D-4D40-B279-F50A5736F2A1}"
EndProject
Project("{8BC9CEB8-8B4A-11D0-8D11-00A0C91BC942}") = "01_SubdivisionSphere", "GlobeRendering\SubdivisionSphere\SubdivisionSphere.vcxproj", "{2E10AD29-1461-45FE-BE28-7AF5F4FE8644}"
	ProjectSection(ProjectDependencies) = postProject
		{DCE18C0B-CC6A-4F93-8EEF-8D731D20DFA7} = {DCE18C0B-CC6A-4F93-8EEF-8D731D20DFA7}
		{88880C42-EC11-4BCA-B4FA-732BFB0CFBEF} = {88880C42-EC11-4BCA-B4FA-732BFB0CFBEF}
		{9738A64F-4C0D-4498-956C-234C49ECDFB1} = {9738A64F-4C0D-4498-956C-234C49ECDFB1}
		{428F0B65-3F68-47B7-B0F5-3CE711F2D28F} = {428F0B65-3F68-47B7-B0F5-3CE711F2D28F}
		{D1B3D672-1304-4EA4-8DEB-095D0656E932} = {D1B3D672-1304-4EA4-8DEB-095D0656E932}
		{5CB0E89A-8882-42E4-AF14-07F73D4DE92E} = {5CB0E89A-8882-42E4-AF14-07F73D4DE92E}
		{98CC71B1-381A-492A-B299-3F50021938BC} = {98CC71B1-381A-492A-B299-3F50021938BC}
		{A64D38B7-CD5C-48B7-B5C5-7F59329091E4} = {A64D38B7-CD5C-48B7-B5C5-7F59329091E4}
		{D8E11CB8-F387-4F05-B50C-671582AD9C0A} = {D8E11CB8-F387-4F05-B50C-671582AD9C0A}
		{D262FFD1-A4C1-45C1-9716-0ABED28C8B08} = {D262FFD1-A4C1-45C1-9716-0ABED28C8B08}
		{CD04AAD2-418F-4F66-9F61-9766DF21B1B9} = {CD04AAD2-418F-4F66-9F61-9766DF21B1B9}
		{2310A3EE-487B-4AEA-A75F-9D120DAC82F6} = {2310A3EE-487B-4AEA-A75F-9D120DAC82F6}
	EndProjectSection
EndProject
Project("{8BC9CEB8-8B4A-11D0-8D11-00A0C91BC942}") = "05_MeshRendering", "Samples\05_MeshRendering\05_MeshRendering.vcxproj", "{31943E19-CCCE-4E2D-B428-A24AAC097877}"
	ProjectSection(ProjectDependencies) = postProject
		{DCE18C0B-CC6A-4F93-8EEF-8D731D20DFA7} = {DCE18C0B-CC6A-4F93-8EEF-8D731D20DFA7}
		{88880C42-EC11-4BCA-B4FA-732BFB0CFBEF} = {88880C42-EC11-4BCA-B4FA-732BFB0CFBEF}
		{9738A64F-4C0D-4498-956C-234C49ECDFB1} = {9738A64F-4C0D-4498-956C-234C49ECDFB1}
		{428F0B65-3F68-47B7-B0F5-3CE711F2D28F} = {428F0B65-3F68-47B7-B0F5-3CE711F2D28F}
		{D1B3D672-1304-4EA4-8DEB-095D0656E932} = {D1B3D672-1304-4EA4-8DEB-095D0656E932}
		{5CB0E89A-8882-42E4-AF14-07F73D4DE92E} = {5CB0E89A-8882-42E4-AF14-07F73D4DE92E}
		{98CC71B1-381A-492A-B299-3F50021938BC} = {98CC71B1-381A-492A-B299-3F50021938BC}
		{A64D38B7-CD5C-48B7-B5C5-7F59329091E4} = {A64D38B7-CD5C-48B7-B5C5-7F59329091E4}
		{D8E11CB8-F387-4F05-B50C-671582AD9C0A} = {D8E11CB8-F387-4F05-B50C-671582AD9C0A}
		{D262FFD1-A4C1-45C1-9716-0ABED28C8B08} = {D262FFD1-A4C1-45C1-9716-0ABED28C8B08}
		{CD04AAD2-418F-4F66-9F61-9766DF21B1B9} = {CD04AAD2-418F-4F66-9F61-9766DF21B1B9}
		{2310A3EE-487B-4AEA-A75F-9D120DAC82F6} = {2310A3EE-487B-4AEA-A75F-9D120DAC82F6}
	EndProjectSection
EndProject
Project("{8BC9CEB8-8B4A-11D0-8D11-00A0C91BC942}") = "02_SphericalROAM", "GlobeRendering\SphericalROAM\SphericalROAM.vcxproj", "{7672AF86-2933-4906-BCE7-779D988B0C86}"
	ProjectSection(ProjectDependencies) = postProject
		{DCE18C0B-CC6A-4F93-8EEF-8D731D20DFA7} = {DCE18C0B-CC6A-4F93-8EEF-8D731D20DFA7}
		{88880C42-EC11-4BCA-B4FA-732BFB0CFBEF} = {88880C42-EC11-4BCA-B4FA-732BFB0CFBEF}
		{9738A64F-4C0D-4498-956C-234C49ECDFB1} = {9738A64F-4C0D-4498-956C-234C49ECDFB1}
		{428F0B65-3F68-47B7-B0F5-3CE711F2D28F} = {428F0B65-3F68-47B7-B0F5-3CE711F2D28F}
		{D1B3D672-1304-4EA4-8DEB-095D0656E932} = {D1B3D672-1304-4EA4-8DEB-095D0656E932}
		{5CB0E89A-8882-42E4-AF14-07F73D4DE92E} = {5CB0E89A-8882-42E4-AF14-07F73D4DE92E}
		{98CC71B1-381A-492A-B299-3F50021938BC} = {98CC71B1-381A-492A-B299-3F50021938BC}
		{A64D38B7-CD5C-48B7-B5C5-7F59329091E4} = {A64D38B7-CD5C-48B7-B5C5-7F59329091E4}
		{D8E11CB8-F387-4F05-B50C-671582AD9C0A} = {D8E11CB8-F387-4F05-B50C-671582AD9C0A}
		{D262FFD1-A4C1-45C1-9716-0ABED28C8B08} = {D262FFD1-A4C1-45C1-9716-0ABED28C8B08}
		{CD04AAD2-418F-4F66-9F61-9766DF21B1B9} = {CD04AAD2-418F-4F66-9F61-9766DF21B1B9}
		{2310A3EE-487B-4AEA-A75F-9D120DAC82F6} = {2310A3EE-487B-4AEA-A75F-9D120DAC82F6}
	EndProjectSection
EndProject
Project("{8BC9CEB8-8B4A-11D0-8D11-00A0C91BC942}") = "Network", "Engine\Network\Network.vcxproj", "{5CB0E89A-8882-42E4-AF14-07F73D4DE92E}"
	ProjectSection(ProjectDependencies) = postProject
		{88880C42-EC11-4BCA-B4FA-732BFB0CFBEF} = {88880C42-EC11-4BCA-B4FA-732BFB0CFBEF}
		{9738A64F-4C0D-4498-956C-234C49ECDFB1} = {9738A64F-4C0D-4498-956C-234C49ECDFB1}
	EndProjectSection
EndProject
Project("{2150E333-8FDC-42A3-9474-1A3956D46DE8}") = "NetworkSystems", "NetworkSystems", "{B9DAFC2B-C742-4D2E-87E6-5A6DE435BD32}"
EndProject
Project("{8BC9CEB8-8B4A-11D0-8D11-00A0C91BC942}") = "WinSockNetworkDevice", "Engine\NetworkSystems\WinSockNetworkDevice\WinSockNetworkDevice.vcxproj", "{A64D38B7-CD5C-48B7-B5C5-7F59329091E4}"
	ProjectSection(ProjectDependencies) = postProject
		{88880C42-EC11-4BCA-B4FA-732BFB0CFBEF} = {88880C42-EC11-4BCA-B4FA-732BFB0CFBEF}
		{9738A64F-4C0D-4498-956C-234C49ECDFB1} = {9738A64F-4C0D-4498-956C-234C49ECDFB1}
		{5CB0E89A-8882-42E4-AF14-07F73D4DE92E} = {5CB0E89A-8882-42E4-AF14-07F73D4DE92E}
	EndProjectSection
EndProject
Project("{8BC9CEB8-8B4A-11D0-8D11-00A0C91BC942}") = "Input", "Engine\Input\Input.vcxproj", "{D8E11CB8-F387-4F05-B50C-671582AD9C0A}"
	ProjectSection(ProjectDependencies) = postProject
		{88880C42-EC11-4BCA-B4FA-732BFB0CFBEF} = {88880C42-EC11-4BCA-B4FA-732BFB0CFBEF}
		{9738A64F-4C0D-4498-956C-234C49ECDFB1} = {9738A64F-4C0D-4498-956C-234C49ECDFB1}
	EndProjectSection
EndProject
Project("{8BC9CEB8-8B4A-11D0-8D11-00A0C91BC942}") = "DirectInputDevice", "Engine\InputSystems\DirectInputDevice\DirectInputDevice.vcxproj", "{2310A3EE-487B-4AEA-A75F-9D120DAC82F6}"
	ProjectSection(ProjectDependencies) = postProject
		{88880C42-EC11-4BCA-B4FA-732BFB0CFBEF} = {88880C42-EC11-4BCA-B4FA-732BFB0CFBEF}
		{9738A64F-4C0D-4498-956C-234C49ECDFB1} = {9738A64F-4C0D-4498-956C-234C49ECDFB1}
		{D8E11CB8-F387-4F05-B50C-671582AD9C0A} = {D8E11CB8-F387-4F05-B50C-671582AD9C0A}
	EndProjectSection
EndProject
Project("{8BC9CEB8-8B4A-11D0-8D11-00A0C91BC942}") = "Platform", "Engine\Platform\Platform.vcxproj", "{9738A64F-4C0D-4498-956C-234C49ECDFB1}"
EndProject
Project("{8BC9CEB8-8B4A-11D0-8D11-00A0C91BC942}") = "03_VertexBasedOptimizedMesh", "GlobeRendering\VertexBasedOptimizedMesh\VertexBasedOptimizedMesh.vcxproj", "{8336BD0D-E821-4290-A518-51D8B3AFA03B}"
EndProject
Project("{8BC9CEB8-8B4A-11D0-8D11-00A0C91BC942}") = "04_FaceBasedWaveletLOD", "GlobeRendering\FaceBasedWaveletLOD\FaceBasedWaveletLOD.vcxproj", "{C3203FD3-7D1D-4301-A6B9-1ED8319ABFFC}"
EndProject
Project("{8BC9CEB8-8B4A-11D0-8D11-00A0C91BC942}") = "06_MeshRendering_2", "Samples\06_MeshRendering_2\06_MeshRendering_2.vcxproj", "{E2148A34-79F1-45BA-950E-8958842D859F}"
	ProjectSection(ProjectDependencies) = postProject
		{DCE18C0B-CC6A-4F93-8EEF-8D731D20DFA7} = {DCE18C0B-CC6A-4F93-8EEF-8D731D20DFA7}
		{88880C42-EC11-4BCA-B4FA-732BFB0CFBEF} = {88880C42-EC11-4BCA-B4FA-732BFB0CFBEF}
		{9738A64F-4C0D-4498-956C-234C49ECDFB1} = {9738A64F-4C0D-4498-956C-234C49ECDFB1}
		{428F0B65-3F68-47B7-B0F5-3CE711F2D28F} = {428F0B65-3F68-47B7-B0F5-3CE711F2D28F}
		{D1B3D672-1304-4EA4-8DEB-095D0656E932} = {D1B3D672-1304-4EA4-8DEB-095D0656E932}
		{5CB0E89A-8882-42E4-AF14-07F73D4DE92E} = {5CB0E89A-8882-42E4-AF14-07F73D4DE92E}
		{98CC71B1-381A-492A-B299-3F50021938BC} = {98CC71B1-381A-492A-B299-3F50021938BC}
		{A64D38B7-CD5C-48B7-B5C5-7F59329091E4} = {A64D38B7-CD5C-48B7-B5C5-7F59329091E4}
		{D8E11CB8-F387-4F05-B50C-671582AD9C0A} = {D8E11CB8-F387-4F05-B50C-671582AD9C0A}
		{D262FFD1-A4C1-45C1-9716-0ABED28C8B08} = {D262FFD1-A4C1-45C1-9716-0ABED28C8B08}
		{CD04AAD2-418F-4F66-9F61-9766DF21B1B9} = {CD04AAD2-418F-4F66-9F61-9766DF21B1B9}
		{2310A3EE-487B-4AEA-A75F-9D120DAC82F6} = {2310A3EE-487B-4AEA-A75F-9D120DAC82F6}
	EndProjectSection
EndProject
Global
	GlobalSection(SolutionConfigurationPlatforms) = preSolution
		Debug|ARM = Debug|ARM
		Debug|Win32 = Debug|Win32
		Debug|x64 = Debug|x64
		Release|ARM = Release|ARM
		Release|Win32 = Release|Win32
		Release|x64 = Release|x64
	EndGlobalSection
	GlobalSection(ProjectConfigurationPlatforms) = postSolution
		{1BA5DE28-798A-4957-8D36-DDB6AF682D08}.Debug|ARM.ActiveCfg = Debug|Win32
		{1BA5DE28-798A-4957-8D36-DDB6AF682D08}.Debug|Win32.ActiveCfg = Debug|Win32
		{1BA5DE28-798A-4957-8D36-DDB6AF682D08}.Debug|Win32.Build.0 = Debug|Win32
		{1BA5DE28-798A-4957-8D36-DDB6AF682D08}.Debug|x64.ActiveCfg = Debug|x64
		{1BA5DE28-798A-4957-8D36-DDB6AF682D08}.Debug|x64.Build.0 = Debug|x64
		{1BA5DE28-798A-4957-8D36-DDB6AF682D08}.Release|ARM.ActiveCfg = Release|Win32
		{1BA5DE28-798A-4957-8D36-DDB6AF682D08}.Release|Win32.ActiveCfg = Release|Win32
		{1BA5DE28-798A-4957-8D36-DDB6AF682D08}.Release|Win32.Build.0 = Release|Win32
		{1BA5DE28-798A-4957-8D36-DDB6AF682D08}.Release|x64.ActiveCfg = Release|x64
		{1BA5DE28-798A-4957-8D36-DDB6AF682D08}.Release|x64.Build.0 = Release|x64
		{88880C42-EC11-4BCA-B4FA-732BFB0CFBEF}.Debug|ARM.ActiveCfg = Debug|Win32
		{88880C42-EC11-4BCA-B4FA-732BFB0CFBEF}.Debug|Win32.ActiveCfg = Debug|Win32
		{88880C42-EC11-4BCA-B4FA-732BFB0CFBEF}.Debug|Win32.Build.0 = Debug|Win32
		{88880C42-EC11-4BCA-B4FA-732BFB0CFBEF}.Debug|x64.ActiveCfg = Debug|x64
		{88880C42-EC11-4BCA-B4FA-732BFB0CFBEF}.Debug|x64.Build.0 = Debug|x64
		{88880C42-EC11-4BCA-B4FA-732BFB0CFBEF}.Release|ARM.ActiveCfg = Release|Win32
		{88880C42-EC11-4BCA-B4FA-732BFB0CFBEF}.Release|Win32.ActiveCfg = Release|Win32
		{88880C42-EC11-4BCA-B4FA-732BFB0CFBEF}.Release|Win32.Build.0 = Release|Win32
		{88880C42-EC11-4BCA-B4FA-732BFB0CFBEF}.Release|x64.ActiveCfg = Release|x64
		{88880C42-EC11-4BCA-B4FA-732BFB0CFBEF}.Release|x64.Build.0 = Release|x64
		{D1B3D672-1304-4EA4-8DEB-095D0656E932}.Debug|ARM.ActiveCfg = Debug|Win32
		{D1B3D672-1304-4EA4-8DEB-095D0656E932}.Debug|Win32.ActiveCfg = Debug|Win32
		{D1B3D672-1304-4EA4-8DEB-095D0656E932}.Debug|Win32.Build.0 = Debug|Win32
		{D1B3D672-1304-4EA4-8DEB-095D0656E932}.Debug|x64.ActiveCfg = Debug|x64
		{D1B3D672-1304-4EA4-8DEB-095D0656E932}.Debug|x64.Build.0 = Debug|x64
		{D1B3D672-1304-4EA4-8DEB-095D0656E932}.Release|ARM.ActiveCfg = Release|Win32
		{D1B3D672-1304-4EA4-8DEB-095D0656E932}.Release|Win32.ActiveCfg = Release|Win32
		{D1B3D672-1304-4EA4-8DEB-095D0656E932}.Release|Win32.Build.0 = Release|Win32
		{D1B3D672-1304-4EA4-8DEB-095D0656E932}.Release|x64.ActiveCfg = Release|x64
		{D1B3D672-1304-4EA4-8DEB-095D0656E932}.Release|x64.Build.0 = Release|x64
		{89D17E5E-5926-44FF-9055-D1651EEABABB}.Debug|ARM.ActiveCfg = Debug|Win32
		{89D17E5E-5926-44FF-9055-D1651EEABABB}.Debug|Win32.ActiveCfg = Debug|Win32
		{89D17E5E-5926-44FF-9055-D1651EEABABB}.Debug|Win32.Build.0 = Debug|Win32
		{89D17E5E-5926-44FF-9055-D1651EEABABB}.Debug|x64.ActiveCfg = Debug|x64
		{89D17E5E-5926-44FF-9055-D1651EEABABB}.Debug|x64.Build.0 = Debug|x64
		{89D17E5E-5926-44FF-9055-D1651EEABABB}.Release|ARM.ActiveCfg = Release|Win32
		{89D17E5E-5926-44FF-9055-D1651EEABABB}.Release|Win32.ActiveCfg = Release|Win32
		{89D17E5E-5926-44FF-9055-D1651EEABABB}.Release|Win32.Build.0 = Release|Win32
		{89D17E5E-5926-44FF-9055-D1651EEABABB}.Release|x64.ActiveCfg = Release|x64
		{89D17E5E-5926-44FF-9055-D1651EEABABB}.Release|x64.Build.0 = Release|x64
		{C9BA20CF-1651-4D65-B93B-F388969AB157}.Debug|ARM.ActiveCfg = Debug|Win32
		{C9BA20CF-1651-4D65-B93B-F388969AB157}.Debug|Win32.ActiveCfg = Debug|Win32
		{C9BA20CF-1651-4D65-B93B-F388969AB157}.Debug|Win32.Build.0 = Debug|Win32
		{C9BA20CF-1651-4D65-B93B-F388969AB157}.Debug|x64.ActiveCfg = Debug|x64
		{C9BA20CF-1651-4D65-B93B-F388969AB157}.Debug|x64.Build.0 = Debug|x64
		{C9BA20CF-1651-4D65-B93B-F388969AB157}.Release|ARM.ActiveCfg = Release|Win32
		{C9BA20CF-1651-4D65-B93B-F388969AB157}.Release|Win32.ActiveCfg = Release|Win32
		{C9BA20CF-1651-4D65-B93B-F388969AB157}.Release|Win32.Build.0 = Release|Win32
		{C9BA20CF-1651-4D65-B93B-F388969AB157}.Release|x64.ActiveCfg = Release|x64
		{C9BA20CF-1651-4D65-B93B-F388969AB157}.Release|x64.Build.0 = Release|x64
		{D946F85F-1DF4-4948-8E17-702FAA38ACAF}.Debug|ARM.ActiveCfg = Debug|Win32
		{D946F85F-1DF4-4948-8E17-702FAA38ACAF}.Debug|Win32.ActiveCfg = Debug|Win32
		{D946F85F-1DF4-4948-8E17-702FAA38ACAF}.Debug|Win32.Build.0 = Debug|Win32
		{D946F85F-1DF4-4948-8E17-702FAA38ACAF}.Debug|x64.ActiveCfg = Debug|x64
		{D946F85F-1DF4-4948-8E17-702FAA38ACAF}.Debug|x64.Build.0 = Debug|x64
		{D946F85F-1DF4-4948-8E17-702FAA38ACAF}.Release|ARM.ActiveCfg = Release|Win32
		{D946F85F-1DF4-4948-8E17-702FAA38ACAF}.Release|Win32.ActiveCfg = Release|Win32
		{D946F85F-1DF4-4948-8E17-702FAA38ACAF}.Release|Win32.Build.0 = Release|Win32
		{D946F85F-1DF4-4948-8E17-702FAA38ACAF}.Release|x64.ActiveCfg = Release|x64
		{D946F85F-1DF4-4948-8E17-702FAA38ACAF}.Release|x64.Build.0 = Release|x64
		{CD04AAD2-418F-4F66-9F61-9766DF21B1B9}.Debug|ARM.ActiveCfg = Debug|Win32
		{CD04AAD2-418F-4F66-9F61-9766DF21B1B9}.Debug|Win32.ActiveCfg = Debug|Win32
		{CD04AAD2-418F-4F66-9F61-9766DF21B1B9}.Debug|Win32.Build.0 = Debug|Win32
		{CD04AAD2-418F-4F66-9F61-9766DF21B1B9}.Debug|x64.ActiveCfg = Debug|x64
		{CD04AAD2-418F-4F66-9F61-9766DF21B1B9}.Debug|x64.Build.0 = Debug|x64
		{CD04AAD2-418F-4F66-9F61-9766DF21B1B9}.Release|ARM.ActiveCfg = Release|Win32
		{CD04AAD2-418F-4F66-9F61-9766DF21B1B9}.Release|Win32.ActiveCfg = Release|Win32
		{CD04AAD2-418F-4F66-9F61-9766DF21B1B9}.Release|Win32.Build.0 = Release|Win32
		{CD04AAD2-418F-4F66-9F61-9766DF21B1B9}.Release|x64.ActiveCfg = Release|x64
		{CD04AAD2-418F-4F66-9F61-9766DF21B1B9}.Release|x64.Build.0 = Release|x64
		{D262FFD1-A4C1-45C1-9716-0ABED28C8B08}.Debug|ARM.ActiveCfg = Debug|Win32
		{D262FFD1-A4C1-45C1-9716-0ABED28C8B08}.Debug|Win32.ActiveCfg = Debug|Win32
		{D262FFD1-A4C1-45C1-9716-0ABED28C8B08}.Debug|Win32.Build.0 = Debug|Win32
		{D262FFD1-A4C1-45C1-9716-0ABED28C8B08}.Debug|x64.ActiveCfg = Debug|x64
		{D262FFD1-A4C1-45C1-9716-0ABED28C8B08}.Debug|x64.Build.0 = Debug|x64
		{D262FFD1-A4C1-45C1-9716-0ABED28C8B08}.Release|ARM.ActiveCfg = Release|Win32
		{D262FFD1-A4C1-45C1-9716-0ABED28C8B08}.Release|Win32.ActiveCfg = Release|Win32
		{D262FFD1-A4C1-45C1-9716-0ABED28C8B08}.Release|Win32.Build.0 = Release|Win32
		{D262FFD1-A4C1-45C1-9716-0ABED28C8B08}.Release|x64.ActiveCfg = Release|x64
		{D262FFD1-A4C1-45C1-9716-0ABED28C8B08}.Release|x64.Build.0 = Release|x64
		{DCE18C0B-CC6A-4F93-8EEF-8D731D20DFA7}.Debug|ARM.ActiveCfg = Debug|Win32
		{DCE18C0B-CC6A-4F93-8EEF-8D731D20DFA7}.Debug|Win32.ActiveCfg = Debug|Win32
		{DCE18C0B-CC6A-4F93-8EEF-8D731D20DFA7}.Debug|Win32.Build.0 = Debug|Win32
		{DCE18C0B-CC6A-4F93-8EEF-8D731D20DFA7}.Debug|x64.ActiveCfg = Debug|x64
		{DCE18C0B-CC6A-4F93-8EEF-8D731D20DFA7}.Debug|x64.Build.0 = Debug|x64
		{DCE18C0B-CC6A-4F93-8EEF-8D731D20DFA7}.Release|ARM.ActiveCfg = Release|Win32
		{DCE18C0B-CC6A-4F93-8EEF-8D731D20DFA7}.Release|Win32.ActiveCfg = Release|Win32
		{DCE18C0B-CC6A-4F93-8EEF-8D731D20DFA7}.Release|Win32.Build.0 = Release|Win32
		{DCE18C0B-CC6A-4F93-8EEF-8D731D20DFA7}.Release|x64.ActiveCfg = Release|x64
		{DCE18C0B-CC6A-4F93-8EEF-8D731D20DFA7}.Release|x64.Build.0 = Release|x64
		{428F0B65-3F68-47B7-B0F5-3CE711F2D28F}.Debug|ARM.ActiveCfg = Debug|Win32
		{428F0B65-3F68-47B7-B0F5-3CE711F2D28F}.Debug|Win32.ActiveCfg = Debug|Win32
		{428F0B65-3F68-47B7-B0F5-3CE711F2D28F}.Debug|Win32.Build.0 = Debug|Win32
		{428F0B65-3F68-47B7-B0F5-3CE711F2D28F}.Debug|x64.ActiveCfg = Debug|x64
		{428F0B65-3F68-47B7-B0F5-3CE711F2D28F}.Debug|x64.Build.0 = Debug|x64
		{428F0B65-3F68-47B7-B0F5-3CE711F2D28F}.Release|ARM.ActiveCfg = Release|Win32
		{428F0B65-3F68-47B7-B0F5-3CE711F2D28F}.Release|Win32.ActiveCfg = Release|Win32
		{428F0B65-3F68-47B7-B0F5-3CE711F2D28F}.Release|Win32.Build.0 = Release|Win32
		{428F0B65-3F68-47B7-B0F5-3CE711F2D28F}.Release|x64.ActiveCfg = Release|x64
		{428F0B65-3F68-47B7-B0F5-3CE711F2D28F}.Release|x64.Build.0 = Release|x64
		{98CC71B1-381A-492A-B299-3F50021938BC}.Debug|ARM.ActiveCfg = Debug|Win32
		{98CC71B1-381A-492A-B299-3F50021938BC}.Debug|Win32.ActiveCfg = Debug|Win32
		{98CC71B1-381A-492A-B299-3F50021938BC}.Debug|Win32.Build.0 = Debug|Win32
		{98CC71B1-381A-492A-B299-3F50021938BC}.Debug|x64.ActiveCfg = Debug|x64
		{98CC71B1-381A-492A-B299-3F50021938BC}.Debug|x64.Build.0 = Debug|x64
		{98CC71B1-381A-492A-B299-3F50021938BC}.Release|ARM.ActiveCfg = Release|Win32
		{98CC71B1-381A-492A-B299-3F50021938BC}.Release|Win32.ActiveCfg = Release|Win32
		{98CC71B1-381A-492A-B299-3F50021938BC}.Release|Win32.Build.0 = Release|Win32
		{98CC71B1-381A-492A-B299-3F50021938BC}.Release|x64.ActiveCfg = Release|x64
		{98CC71B1-381A-492A-B299-3F50021938BC}.Release|x64.Build.0 = Release|x64
		{2E10AD29-1461-45FE-BE28-7AF5F4FE8644}.Debug|ARM.ActiveCfg = Debug|Win32
		{2E10AD29-1461-45FE-BE28-7AF5F4FE8644}.Debug|Win32.ActiveCfg = Debug|Win32
		{2E10AD29-1461-45FE-BE28-7AF5F4FE8644}.Debug|Win32.Build.0 = Debug|Win32
		{2E10AD29-1461-45FE-BE28-7AF5F4FE8644}.Debug|x64.ActiveCfg = Debug|x64
		{2E10AD29-1461-45FE-BE28-7AF5F4FE8644}.Debug|x64.Build.0 = Debug|x64
		{2E10AD29-1461-45FE-BE28-7AF5F4FE8644}.Release|ARM.ActiveCfg = Release|Win32
		{2E10AD29-1461-45FE-BE28-7AF5F4FE8644}.Release|Win32.ActiveCfg = Release|Win32
		{2E10AD29-1461-45FE-BE28-7AF5F4FE8644}.Release|Win32.Build.0 = Release|Win32
		{2E10AD29-1461-45FE-BE28-7AF5F4FE8644}.Release|x64.ActiveCfg = Release|x64
		{2E10AD29-1461-45FE-BE28-7AF5F4FE8644}.Release|x64.Build.0 = Release|x64
		{31943E19-CCCE-4E2D-B428-A24AAC097877}.Debug|ARM.ActiveCfg = Debug|Win32
		{31943E19-CCCE-4E2D-B428-A24AAC097877}.Debug|Win32.ActiveCfg = Debug|Win32
		{31943E19-CCCE-4E2D-B428-A24AAC097877}.Debug|Win32.Build.0 = Debug|Win32
		{31943E19-CCCE-4E2D-B428-A24AAC097877}.Debug|x64.ActiveCfg = Debug|x64
		{31943E19-CCCE-4E2D-B428-A24AAC097877}.Debug|x64.Build.0 = Debug|x64
		{31943E19-CCCE-4E2D-B428-A24AAC097877}.Release|ARM.ActiveCfg = Release|Win32
		{31943E19-CCCE-4E2D-B428-A24AAC097877}.Release|Win32.ActiveCfg = Release|Win32
		{31943E19-CCCE-4E2D-B428-A24AAC097877}.Release|Win32.Build.0 = Release|Win32
		{31943E19-CCCE-4E2D-B428-A24AAC097877}.Release|x64.ActiveCfg = Release|x64
		{31943E19-CCCE-4E2D-B428-A24AAC097877}.Release|x64.Build.0 = Release|x64
		{7672AF86-2933-4906-BCE7-779D988B0C86}.Debug|ARM.ActiveCfg = Debug|Win32
		{7672AF86-2933-4906-BCE7-779D988B0C86}.Debug|Win32.ActiveCfg = Debug|Win32
		{7672AF86-2933-4906-BCE7-779D988B0C86}.Debug|Win32.Build.0 = Debug|Win32
		{7672AF86-2933-4906-BCE7-779D988B0C86}.Debug|x64.ActiveCfg = Debug|x64
		{7672AF86-2933-4906-BCE7-779D988B0C86}.Debug|x64.Build.0 = Debug|x64
		{7672AF86-2933-4906-BCE7-779D988B0C86}.Release|ARM.ActiveCfg = Release|Win32
		{7672AF86-2933-4906-BCE7-779D988B0C86}.Release|Win32.ActiveCfg = Release|Win32
		{7672AF86-2933-4906-BCE7-779D988B0C86}.Release|Win32.Build.0 = Release|Win32
		{7672AF86-2933-4906-BCE7-779D988B0C86}.Release|x64.ActiveCfg = Release|x64
		{7672AF86-2933-4906-BCE7-779D988B0C86}.Release|x64.Build.0 = Release|x64
		{5CB0E89A-8882-42E4-AF14-07F73D4DE92E}.Debug|ARM.ActiveCfg = Debug|Win32
		{5CB0E89A-8882-42E4-AF14-07F73D4DE92E}.Debug|Win32.ActiveCfg = Debug|Win32
		{5CB0E89A-8882-42E4-AF14-07F73D4DE92E}.Debug|Win32.Build.0 = Debug|Win32
		{5CB0E89A-8882-42E4-AF14-07F73D4DE92E}.Debug|x64.ActiveCfg = Debug|x64
		{5CB0E89A-8882-42E4-AF14-07F73D4DE92E}.Debug|x64.Build.0 = Debug|x64
		{5CB0E89A-8882-42E4-AF14-07F73D4DE92E}.Release|ARM.ActiveCfg = Release|Win32
		{5CB0E89A-8882-42E4-AF14-07F73D4DE92E}.Release|Win32.ActiveCfg = Release|Win32
		{5CB0E89A-8882-42E4-AF14-07F73D4DE92E}.Release|Win32.Build.0 = Release|Win32
		{5CB0E89A-8882-42E4-AF14-07F73D4DE92E}.Release|x64.ActiveCfg = Release|x64
		{5CB0E89A-8882-42E4-AF14-07F73D4DE92E}.Release|x64.Build.0 = Release|x64
		{A64D38B7-CD5C-48B7-B5C5-7F59329091E4}.Debug|ARM.ActiveCfg = Debug|Win32
		{A64D38B7-CD5C-48B7-B5C5-7F59329091E4}.Debug|Win32.ActiveCfg = Debug|Win32
		{A64D38B7-CD5C-48B7-B5C5-7F59329091E4}.Debug|Win32.Build.0 = Debug|Win32
		{A64D38B7-CD5C-48B7-B5C5-7F59329091E4}.Debug|x64.ActiveCfg = Debug|x64
		{A64D38B7-CD5C-48B7-B5C5-7F59329091E4}.Debug|x64.Build.0 = Debug|x64
		{A64D38B7-CD5C-48B7-B5C5-7F59329091E4}.Release|ARM.ActiveCfg = Release|Win32
		{A64D38B7-CD5C-48B7-B5C5-7F59329091E4}.Release|Win32.ActiveCfg = Release|Win32
		{A64D38B7-CD5C-48B7-B5C5-7F59329091E4}.Release|Win32.Build.0 = Release|Win32
		{A64D38B7-CD5C-48B7-B5C5-7F59329091E4}.Release|x64.ActiveCfg = Release|x64
		{A64D38B7-CD5C-48B7-B5C5-7F59329091E4}.Release|x64.Build.0 = Release|x64
		{D8E11CB8-F387-4F05-B50C-671582AD9C0A}.Debug|ARM.ActiveCfg = Debug|Win32
		{D8E11CB8-F387-4F05-B50C-671582AD9C0A}.Debug|Win32.ActiveCfg = Debug|Win32
		{D8E11CB8-F387-4F05-B50C-671582AD9C0A}.Debug|Win32.Build.0 = Debug|Win32
		{D8E11CB8-F387-4F05-B50C-671582AD9C0A}.Debug|x64.ActiveCfg = Debug|x64
		{D8E11CB8-F387-4F05-B50C-671582AD9C0A}.Debug|x64.Build.0 = Debug|x64
		{D8E11CB8-F387-4F05-B50C-671582AD9C0A}.Release|ARM.ActiveCfg = Release|Win32
		{D8E11CB8-F387-4F05-B50C-671582AD9C0A}.Release|Win32.ActiveCfg = Release|Win32
		{D8E11CB8-F387-4F05-B50C-671582AD9C0A}.Release|Win32.Build.0 = Release|Win32
		{D8E11CB8-F387-4F05-B50C-671582AD9C0A}.Release|x64.ActiveCfg = Release|x64
		{D8E11CB8-F387-4F05-B50C-671582AD9C0A}.Release|x64.Build.0 = Release|x64
		{2310A3EE-487B-4AEA-A75F-9D120DAC82F6}.Debug|ARM.ActiveCfg = Debug|Win32
		{2310A3EE-487B-4AEA-A75F-9D120DAC82F6}.Debug|Win32.ActiveCfg = Debug|Win32
		{2310A3EE-487B-4AEA-A75F-9D120DAC82F6}.Debug|Win32.Build.0 = Debug|Win32
		{2310A3EE-487B-4AEA-A75F-9D120DAC82F6}.Debug|x64.ActiveCfg = Debug|x64
		{2310A3EE-487B-4AEA-A75F-9D120DAC82F6}.Debug|x64.Build.0 = Debug|x64
		{2310A3EE-487B-4AEA-A75F-9D120DAC82F6}.Release|ARM.ActiveCfg = Release|Win32
		{2310A3EE-487B-4AEA-A75F-9D120DAC82F6}.Release|Win32.ActiveCfg = Release|Win32
		{2310A3EE-487B-4AEA-A75F-9D120DAC82F6}.Release|Win32.Build.0 = Release|Win32
		{2310A3EE-487B-4AEA-A75F-9D120DAC82F6}.Release|x64.ActiveCfg = Release|x64
		{2310A3EE-487B-4AEA-A75F-9D120DAC82F6}.Release|x64.Build.0 = Release|x64
		{9738A64F-4C0D-4498-956C-234C49ECDFB1}.Debug|ARM.ActiveCfg = Debug|Win32
		{9738A64F-4C0D-4498-956C-234C49ECDFB1}.Debug|Win32.ActiveCfg = Debug|Win32
		{9738A64F-4C0D-4498-956C-234C49ECDFB1}.Debug|Win32.Build.0 = Debug|Win32
		{9738A64F-4C0D-4498-956C-234C49ECDFB1}.Debug|x64.ActiveCfg = Debug|x64
		{9738A64F-4C0D-4498-956C-234C49ECDFB1}.Debug|x64.Build.0 = Debug|x64
		{9738A64F-4C0D-4498-956C-234C49ECDFB1}.Release|ARM.ActiveCfg = Release|Win32
		{9738A64F-4C0D-4498-956C-234C49ECDFB1}.Release|Win32.ActiveCfg = Release|Win32
		{9738A64F-4C0D-4498-956C-234C49ECDFB1}.Release|Win32.Build.0 = Release|Win32
		{9738A64F-4C0D-4498-956C-234C49ECDFB1}.Release|x64.ActiveCfg = Release|x64
		{9738A64F-4C0D-4498-956C-234C49ECDFB1}.Release|x64.Build.0 = Release|x64
		{8336BD0D-E821-4290-A518-51D8B3AFA03B}.Debug|ARM.ActiveCfg = Debug|Win32
		{8336BD0D-E821-4290-A518-51D8B3AFA03B}.Debug|Win32.ActiveCfg = Debug|Win32
		{8336BD0D-E821-4290-A518-51D8B3AFA03B}.Debug|Win32.Build.0 = Debug|Win32
		{8336BD0D-E821-4290-A518-51D8B3AFA03B}.Debug|x64.ActiveCfg = Debug|x64
		{8336BD0D-E821-4290-A518-51D8B3AFA03B}.Debug|x64.Build.0 = Debug|x64
		{8336BD0D-E821-4290-A518-51D8B3AFA03B}.Release|ARM.ActiveCfg = Release|Win32
		{8336BD0D-E821-4290-A518-51D8B3AFA03B}.Release|Win32.ActiveCfg = Release|Win32
		{8336BD0D-E821-4290-A518-51D8B3AFA03B}.Release|Win32.Build.0 = Release|Win32
		{8336BD0D-E821-4290-A518-51D8B3AFA03B}.Release|x64.ActiveCfg = Release|x64
		{8336BD0D-E821-4290-A518-51D8B3AFA03B}.Release|x64.Build.0 = Release|x64
		{C3203FD3-7D1D-4301-A6B9-1ED8319ABFFC}.Debug|ARM.ActiveCfg = Debug|Win32
		{C3203FD3-7D1D-4301-A6B9-1ED8319ABFFC}.Debug|Win32.ActiveCfg = Debug|Win32
		{C3203FD3-7D1D-4301-A6B9-1ED8319ABFFC}.Debug|Win32.Build.0 = Debug|Win32
		{C3203FD3-7D1D-4301-A6B9-1ED8319ABFFC}.Debug|x64.ActiveCfg = Debug|x64
		{C3203FD3-7D1D-4301-A6B9-1ED8319ABFFC}.Debug|x64.Build.0 = Debug|x64
		{C3203FD3-7D1D-4301-A6B9-1ED8319ABFFC}.Release|ARM.ActiveCfg = Release|Win32
		{C3203FD3-7D1D-4301-A6B9-1ED8319ABFFC}.Release|Win32.ActiveCfg = Release|Win32
		{C3203FD3-7D1D-4301-A6B9-1ED8319ABFFC}.Release|Win32.Build.0 = Release|Win32
		{C3203FD3-7D1D-4301-A6B9-1ED8319ABFFC}.Release|x64.ActiveCfg = Release|x64
		{C3203FD3-7D1D-4301-A6B9-1ED8319ABFFC}.Release|x64.Build.0 = Release|x64
		{E2148A34-79F1-45BA-950E-8958842D859F}.Debug|ARM.ActiveCfg = Debug|Win32
		{E2148A34-79F1-45BA-950E-8958842D859F}.Debug|Win32.ActiveCfg = Debug|Win32
		{E2148A34-79F1-45BA-950E-8958842D859F}.Debug|Win32.Build.0 = Debug|Win32
		{E2148A34-79F1-45BA-950E-8958842D859F}.Debug|x64.ActiveCfg = Debug|x64
		{E2148A34-79F1-45BA-950E-8958842D859F}.Debug|x64.Build.0 = Debug|x64
		{E2148A34-79F1-45BA-950E-8958842D859F}.Release|ARM.ActiveCfg = Release|Win32
		{E2148A34-79F1-45BA-950E-8958842D859F}.Release|Win32.ActiveCfg = Release|Win32
		{E2148A34-79F1-45BA-950E-8958842D859F}.Release|Win32.Build.0 = Release|Win32
		{E2148A34-79F1-45BA-950E-8958842D859F}.Release|x64.ActiveCfg = Release|x64
		{E2148A34-79F1-45BA-950E-8958842D859F}.Release|x64.Build.0 = Release|x64
	EndGlobalSection
	GlobalSection(SolutionProperties) = preSolution
		HideSolutionNode = FALSE
	EndGlobalSection
	GlobalSection(NestedProjects) = preSolution
		{F3F1A1D5-AA9E-4E05-8979-8A6604414CA2} = {2A14EDD8-5A81-4EB1-940F-59182E9F56FE}
		{1BA5DE28-798A-4957-8D36-DDB6AF682D08} = {9B129EA1-D4F7-49C8-AD58-84FE40446B81}
		{88880C42-EC11-4BCA-B4FA-732BFB0CFBEF} = {2A14EDD8-5A81-4EB1-940F-59182E9F56FE}
		{D1B3D672-1304-4EA4-8DEB-095D0656E932} = {2A14EDD8-5A81-4EB1-940F-59182E9F56FE}
		{89D17E5E-5926-44FF-9055-D1651EEABABB} = {9B129EA1-D4F7-49C8-AD58-84FE40446B81}
		{C9BA20CF-1651-4D65-B93B-F388969AB157} = {9B129EA1-D4F7-49C8-AD58-84FE40446B81}
		{D946F85F-1DF4-4948-8E17-702FAA38ACAF} = {9B129EA1-D4F7-49C8-AD58-84FE40446B81}
		{CD04AAD2-418F-4F66-9F61-9766DF21B1B9} = {F3F1A1D5-AA9E-4E05-8979-8A6604414CA2}
		{FABCE3CC-C166-48C4-8B4B-80EDD2301FF2} = {2A14EDD8-5A81-4EB1-940F-59182E9F56FE}
		{D262FFD1-A4C1-45C1-9716-0ABED28C8B08} = {2A14EDD8-5A81-4EB1-940F-59182E9F56FE}
		{DCE18C0B-CC6A-4F93-8EEF-8D731D20DFA7} = {2A14EDD8-5A81-4EB1-940F-59182E9F56FE}
		{428F0B65-3F68-47B7-B0F5-3CE711F2D28F} = {2A14EDD8-5A81-4EB1-940F-59182E9F56FE}
		{98CC71B1-381A-492A-B299-3F50021938BC} = {F3F1A1D5-AA9E-4E05-8979-8A6604414CA2}
		{2E10AD29-1461-45FE-BE28-7AF5F4FE8644} = {CDF88B29-5E3D-4D40-B279-F50A5736F2A1}
		{31943E19-CCCE-4E2D-B428-A24AAC097877} = {9B129EA1-D4F7-49C8-AD58-84FE40446B81}
		{7672AF86-2933-4906-BCE7-779D988B0C86} = {CDF88B29-5E3D-4D40-B279-F50A5736F2A1}
		{5CB0E89A-8882-42E4-AF14-07F73D4DE92E} = {2A14EDD8-5A81-4EB1-940F-59182E9F56FE}
		{B9DAFC2B-C742-4D2E-87E6-5A6DE435BD32} = {2A14EDD8-5A81-4EB1-940F-59182E9F56FE}
		{A64D38B7-CD5C-48B7-B5C5-7F59329091E4} = {B9DAFC2B-C742-4D2E-87E6-5A6DE435BD32}
		{D8E11CB8-F387-4F05-B50C-671582AD9C0A} = {2A14EDD8-5A81-4EB1-940F-59182E9F56FE}
		{2310A3EE-487B-4AEA-A75F-9D120DAC82F6} = {FABCE3CC-C166-48C4-8B4B-80EDD2301FF2}
		{9738A64F-4C0D-4498-956C-234C49ECDFB1} = {2A14EDD8-5A81-4EB1-940F-59182E9F56FE}
		{8336BD0D-E821-4290-A518-51D8B3AFA03B} = {CDF88B29-5E3D-4D40-B279-F50A5736F2A1}
		{C3203FD3-7D1D-4301-A6B9-1ED8319ABFFC} = {CDF88B29-5E3D-4D40-B279-F50A5736F2A1}
		{E2148A34-79F1-45BA-950E-8958842D859F} = {9B129EA1-D4F7-49C8-AD58-84FE40446B81}
	EndGlobalSection
EndGlobal
