
Microsoft Visual Studio Solution File, Format Version 12.00
# Visual Studio 2013
VisualStudioVersion = 12.0.30723.0
MinimumVisualStudioVersion = 10.0.40219.1
Project("{2150E333-8FDC-42A3-9474-1A3956D46DE8}") = "Engine", "Engine", "{2A14EDD8-5A81-4EB1-940F-59182E9F56FE}"
EndProject
Project("{2150E333-8FDC-42A3-9474-1A3956D46DE8}") = "Samples", "Samples", "{9B129EA1-D4F7-49C8-AD58-84FE40446B81}"
EndProject
Project("{2150E333-8FDC-42A3-9474-1A3956D46DE8}") = "Video", "Video", "{E3F28BB4-2C12-48C2-BA5B-5B8A7A9BB817}"
EndProject
Project("{2150E333-8FDC-42A3-9474-1A3956D46DE8}") = "RenderSystems", "RenderSystems", "{F3F1A1D5-AA9E-4E05-8979-8A6604414CA2}"
EndProject
Project("{8BC9CEB8-8B4A-11D0-8D11-00A0C91BC942}") = "01_HelloWorld", "Samples\01_HelloWorld\01_HelloWorld.vcxproj", "{1BA5DE28-798A-4957-8D36-DDB6AF682D08}"
	ProjectSection(ProjectDependencies) = postProject
		{88880C42-EC11-4BCA-B4FA-732BFB0CFBEF} = {88880C42-EC11-4BCA-B4FA-732BFB0CFBEF}
		{D1B3D672-1304-4EA4-8DEB-095D0656E932} = {D1B3D672-1304-4EA4-8DEB-095D0656E932}
		{CD04AAD2-418F-4F66-9F61-9766DF21B1B9} = {CD04AAD2-418F-4F66-9F61-9766DF21B1B9}
	EndProjectSection
EndProject
Project("{8BC9CEB8-8B4A-11D0-8D11-00A0C91BC942}") = "Core", "Engine\Core\Core.vcxproj", "{88880C42-EC11-4BCA-B4FA-732BFB0CFBEF}"
EndProject
Project("{8BC9CEB8-8B4A-11D0-8D11-00A0C91BC942}") = "Renderer", "Engine\Renderer\Renderer.vcxproj", "{D1B3D672-1304-4EA4-8DEB-095D0656E932}"
	ProjectSection(ProjectDependencies) = postProject
		{88880C42-EC11-4BCA-B4FA-732BFB0CFBEF} = {88880C42-EC11-4BCA-B4FA-732BFB0CFBEF}
	EndProjectSection
EndProject
Project("{8BC9CEB8-8B4A-11D0-8D11-00A0C91BC942}") = "OGLRenderDevice", "Engine\OGLRenderDevice\OGLRenderDevice.vcxproj", "{CD04AAD2-418F-4F66-9F61-9766DF21B1B9}"
	ProjectSection(ProjectDependencies) = postProject
		{88880C42-EC11-4BCA-B4FA-732BFB0CFBEF} = {88880C42-EC11-4BCA-B4FA-732BFB0CFBEF}
		{D1B3D672-1304-4EA4-8DEB-095D0656E932} = {D1B3D672-1304-4EA4-8DEB-095D0656E932}
	EndProjectSection
EndProject
Project("{8BC9CEB8-8B4A-11D0-8D11-00A0C91BC942}") = "02_Triangle", "Samples\02_Triangle\02_Triangle.vcxproj", "{89D17E5E-5926-44FF-9055-D1651EEABABB}"
	ProjectSection(ProjectDependencies) = postProject
		{88880C42-EC11-4BCA-B4FA-732BFB0CFBEF} = {88880C42-EC11-4BCA-B4FA-732BFB0CFBEF}
		{D1B3D672-1304-4EA4-8DEB-095D0656E932} = {D1B3D672-1304-4EA4-8DEB-095D0656E932}
		{CD04AAD2-418F-4F66-9F61-9766DF21B1B9} = {CD04AAD2-418F-4F66-9F61-9766DF21B1B9}
	EndProjectSection
EndProject
Project("{8BC9CEB8-8B4A-11D0-8D11-00A0C91BC942}") = "03_Textures", "Samples\03_Textures\03_Textures.vcxproj", "{C9BA20CF-1651-4D65-B93B-F388969AB157}"
	ProjectSection(ProjectDependencies) = postProject
		{88880C42-EC11-4BCA-B4FA-732BFB0CFBEF} = {88880C42-EC11-4BCA-B4FA-732BFB0CFBEF}
		{D1B3D672-1304-4EA4-8DEB-095D0656E932} = {D1B3D672-1304-4EA4-8DEB-095D0656E932}
		{CD04AAD2-418F-4F66-9F61-9766DF21B1B9} = {CD04AAD2-418F-4F66-9F61-9766DF21B1B9}
	EndProjectSection
EndProject
Project("{8BC9CEB8-8B4A-11D0-8D11-00A0C91BC942}") = "04_FrameBuffer", "Samples\04_FrameBuffer\04_FrameBuffer.vcxproj", "{D946F85F-1DF4-4948-8E17-702FAA38ACAF}"
	ProjectSection(ProjectDependencies) = postProject
		{88880C42-EC11-4BCA-B4FA-732BFB0CFBEF} = {88880C42-EC11-4BCA-B4FA-732BFB0CFBEF}
		{D1B3D672-1304-4EA4-8DEB-095D0656E932} = {D1B3D672-1304-4EA4-8DEB-095D0656E932}
		{CD04AAD2-418F-4F66-9F61-9766DF21B1B9} = {CD04AAD2-418F-4F66-9F61-9766DF21B1B9}
	EndProjectSection
EndProject
Project("{8BC9CEB8-8B4A-11D0-8D11-00A0C91BC942}") = "05_MeshRendering", "Samples\05_MeshRendering\05_MeshRendering.vcxproj", "{9ECCC830-D77D-4547-941E-BAE867D22322}"
	ProjectSection(ProjectDependencies) = postProject
		{88880C42-EC11-4BCA-B4FA-732BFB0CFBEF} = {88880C42-EC11-4BCA-B4FA-732BFB0CFBEF}
		{D1B3D672-1304-4EA4-8DEB-095D0656E932} = {D1B3D672-1304-4EA4-8DEB-095D0656E932}
		{CD04AAD2-418F-4F66-9F61-9766DF21B1B9} = {CD04AAD2-418F-4F66-9F61-9766DF21B1B9}
	EndProjectSection
EndProject
Project("{8BC9CEB8-8B4A-11D0-8D11-00A0C91BC942}") = "06_RayTracing", "Samples\06_RayTracing\06_RayTracing.vcxproj", "{04ECEA22-9CB4-4E34-B90A-DC4A962C6708}"
EndProject
Global
	GlobalSection(SolutionConfigurationPlatforms) = preSolution
		Debug|Win32 = Debug|Win32
		Debug|x64 = Debug|x64
		Release|Win32 = Release|Win32
		Release|x64 = Release|x64
	EndGlobalSection
	GlobalSection(ProjectConfigurationPlatforms) = postSolution
		{1BA5DE28-798A-4957-8D36-DDB6AF682D08}.Debug|Win32.ActiveCfg = Debug|Win32
		{1BA5DE28-798A-4957-8D36-DDB6AF682D08}.Debug|Win32.Build.0 = Debug|Win32
		{1BA5DE28-798A-4957-8D36-DDB6AF682D08}.Debug|x64.ActiveCfg = Debug|x64
		{1BA5DE28-798A-4957-8D36-DDB6AF682D08}.Debug|x64.Build.0 = Debug|x64
		{1BA5DE28-798A-4957-8D36-DDB6AF682D08}.Release|Win32.ActiveCfg = Release|Win32
		{1BA5DE28-798A-4957-8D36-DDB6AF682D08}.Release|Win32.Build.0 = Release|Win32
		{1BA5DE28-798A-4957-8D36-DDB6AF682D08}.Release|x64.ActiveCfg = Release|x64
		{1BA5DE28-798A-4957-8D36-DDB6AF682D08}.Release|x64.Build.0 = Release|x64
		{88880C42-EC11-4BCA-B4FA-732BFB0CFBEF}.Debug|Win32.ActiveCfg = Debug|Win32
		{88880C42-EC11-4BCA-B4FA-732BFB0CFBEF}.Debug|Win32.Build.0 = Debug|Win32
		{88880C42-EC11-4BCA-B4FA-732BFB0CFBEF}.Debug|x64.ActiveCfg = Debug|x64
		{88880C42-EC11-4BCA-B4FA-732BFB0CFBEF}.Debug|x64.Build.0 = Debug|x64
		{88880C42-EC11-4BCA-B4FA-732BFB0CFBEF}.Release|Win32.ActiveCfg = Release|Win32
		{88880C42-EC11-4BCA-B4FA-732BFB0CFBEF}.Release|Win32.Build.0 = Release|Win32
		{88880C42-EC11-4BCA-B4FA-732BFB0CFBEF}.Release|x64.ActiveCfg = Release|x64
		{88880C42-EC11-4BCA-B4FA-732BFB0CFBEF}.Release|x64.Build.0 = Release|x64
		{D1B3D672-1304-4EA4-8DEB-095D0656E932}.Debug|Win32.ActiveCfg = Debug|Win32
		{D1B3D672-1304-4EA4-8DEB-095D0656E932}.Debug|Win32.Build.0 = Debug|Win32
		{D1B3D672-1304-4EA4-8DEB-095D0656E932}.Debug|x64.ActiveCfg = Debug|x64
		{D1B3D672-1304-4EA4-8DEB-095D0656E932}.Debug|x64.Build.0 = Debug|x64
		{D1B3D672-1304-4EA4-8DEB-095D0656E932}.Release|Win32.ActiveCfg = Release|Win32
		{D1B3D672-1304-4EA4-8DEB-095D0656E932}.Release|Win32.Build.0 = Release|Win32
		{D1B3D672-1304-4EA4-8DEB-095D0656E932}.Release|x64.ActiveCfg = Release|x64
		{D1B3D672-1304-4EA4-8DEB-095D0656E932}.Release|x64.Build.0 = Release|x64
		{CD04AAD2-418F-4F66-9F61-9766DF21B1B9}.Debug|Win32.ActiveCfg = Debug|Win32
		{CD04AAD2-418F-4F66-9F61-9766DF21B1B9}.Debug|Win32.Build.0 = Debug|Win32
		{CD04AAD2-418F-4F66-9F61-9766DF21B1B9}.Debug|x64.ActiveCfg = Debug|x64
		{CD04AAD2-418F-4F66-9F61-9766DF21B1B9}.Debug|x64.Build.0 = Debug|x64
		{CD04AAD2-418F-4F66-9F61-9766DF21B1B9}.Release|Win32.ActiveCfg = Release|Win32
		{CD04AAD2-418F-4F66-9F61-9766DF21B1B9}.Release|Win32.Build.0 = Release|Win32
		{CD04AAD2-418F-4F66-9F61-9766DF21B1B9}.Release|x64.ActiveCfg = Release|x64
		{CD04AAD2-418F-4F66-9F61-9766DF21B1B9}.Release|x64.Build.0 = Release|x64
		{89D17E5E-5926-44FF-9055-D1651EEABABB}.Debug|Win32.ActiveCfg = Debug|Win32
		{89D17E5E-5926-44FF-9055-D1651EEABABB}.Debug|Win32.Build.0 = Debug|Win32
		{89D17E5E-5926-44FF-9055-D1651EEABABB}.Debug|x64.ActiveCfg = Debug|x64
		{89D17E5E-5926-44FF-9055-D1651EEABABB}.Debug|x64.Build.0 = Debug|x64
		{89D17E5E-5926-44FF-9055-D1651EEABABB}.Release|Win32.ActiveCfg = Release|Win32
		{89D17E5E-5926-44FF-9055-D1651EEABABB}.Release|Win32.Build.0 = Release|Win32
		{89D17E5E-5926-44FF-9055-D1651EEABABB}.Release|x64.ActiveCfg = Release|x64
		{89D17E5E-5926-44FF-9055-D1651EEABABB}.Release|x64.Build.0 = Release|x64
		{C9BA20CF-1651-4D65-B93B-F388969AB157}.Debug|Win32.ActiveCfg = Debug|Win32
		{C9BA20CF-1651-4D65-B93B-F388969AB157}.Debug|Win32.Build.0 = Debug|Win32
		{C9BA20CF-1651-4D65-B93B-F388969AB157}.Debug|x64.ActiveCfg = Debug|x64
		{C9BA20CF-1651-4D65-B93B-F388969AB157}.Debug|x64.Build.0 = Debug|x64
		{C9BA20CF-1651-4D65-B93B-F388969AB157}.Release|Win32.ActiveCfg = Release|Win32
		{C9BA20CF-1651-4D65-B93B-F388969AB157}.Release|Win32.Build.0 = Release|Win32
		{C9BA20CF-1651-4D65-B93B-F388969AB157}.Release|x64.ActiveCfg = Release|x64
		{C9BA20CF-1651-4D65-B93B-F388969AB157}.Release|x64.Build.0 = Release|x64
		{D946F85F-1DF4-4948-8E17-702FAA38ACAF}.Debug|Win32.ActiveCfg = Debug|Win32
		{D946F85F-1DF4-4948-8E17-702FAA38ACAF}.Debug|Win32.Build.0 = Debug|Win32
		{D946F85F-1DF4-4948-8E17-702FAA38ACAF}.Debug|x64.ActiveCfg = Debug|x64
		{D946F85F-1DF4-4948-8E17-702FAA38ACAF}.Debug|x64.Build.0 = Debug|x64
		{D946F85F-1DF4-4948-8E17-702FAA38ACAF}.Release|Win32.ActiveCfg = Release|Win32
		{D946F85F-1DF4-4948-8E17-702FAA38ACAF}.Release|Win32.Build.0 = Release|Win32
		{D946F85F-1DF4-4948-8E17-702FAA38ACAF}.Release|x64.ActiveCfg = Release|x64
		{D946F85F-1DF4-4948-8E17-702FAA38ACAF}.Release|x64.Build.0 = Release|x64
		{9ECCC830-D77D-4547-941E-BAE867D22322}.Debug|Win32.ActiveCfg = Debug|Win32
		{9ECCC830-D77D-4547-941E-BAE867D22322}.Debug|Win32.Build.0 = Debug|Win32
		{9ECCC830-D77D-4547-941E-BAE867D22322}.Debug|x64.ActiveCfg = Debug|x64
		{9ECCC830-D77D-4547-941E-BAE867D22322}.Debug|x64.Build.0 = Debug|x64
		{9ECCC830-D77D-4547-941E-BAE867D22322}.Release|Win32.ActiveCfg = Release|Win32
		{9ECCC830-D77D-4547-941E-BAE867D22322}.Release|Win32.Build.0 = Release|Win32
		{9ECCC830-D77D-4547-941E-BAE867D22322}.Release|x64.ActiveCfg = Release|x64
		{9ECCC830-D77D-4547-941E-BAE867D22322}.Release|x64.Build.0 = Release|x64
		{04ECEA22-9CB4-4E34-B90A-DC4A962C6708}.Debug|Win32.ActiveCfg = Debug|Win32
		{04ECEA22-9CB4-4E34-B90A-DC4A962C6708}.Debug|Win32.Build.0 = Debug|Win32
		{04ECEA22-9CB4-4E34-B90A-DC4A962C6708}.Debug|x64.ActiveCfg = Debug|Win32
		{04ECEA22-9CB4-4E34-B90A-DC4A962C6708}.Release|Win32.ActiveCfg = Release|Win32
		{04ECEA22-9CB4-4E34-B90A-DC4A962C6708}.Release|Win32.Build.0 = Release|Win32
		{04ECEA22-9CB4-4E34-B90A-DC4A962C6708}.Release|x64.ActiveCfg = Release|Win32
	EndGlobalSection
	GlobalSection(SolutionProperties) = preSolution
		HideSolutionNode = FALSE
	EndGlobalSection
	GlobalSection(NestedProjects) = preSolution
		{E3F28BB4-2C12-48C2-BA5B-5B8A7A9BB817} = {2A14EDD8-5A81-4EB1-940F-59182E9F56FE}
		{F3F1A1D5-AA9E-4E05-8979-8A6604414CA2} = {E3F28BB4-2C12-48C2-BA5B-5B8A7A9BB817}
		{1BA5DE28-798A-4957-8D36-DDB6AF682D08} = {9B129EA1-D4F7-49C8-AD58-84FE40446B81}
		{88880C42-EC11-4BCA-B4FA-732BFB0CFBEF} = {2A14EDD8-5A81-4EB1-940F-59182E9F56FE}
		{D1B3D672-1304-4EA4-8DEB-095D0656E932} = {E3F28BB4-2C12-48C2-BA5B-5B8A7A9BB817}
		{CD04AAD2-418F-4F66-9F61-9766DF21B1B9} = {F3F1A1D5-AA9E-4E05-8979-8A6604414CA2}
		{89D17E5E-5926-44FF-9055-D1651EEABABB} = {9B129EA1-D4F7-49C8-AD58-84FE40446B81}
		{C9BA20CF-1651-4D65-B93B-F388969AB157} = {9B129EA1-D4F7-49C8-AD58-84FE40446B81}
		{D946F85F-1DF4-4948-8E17-702FAA38ACAF} = {9B129EA1-D4F7-49C8-AD58-84FE40446B81}
		{9ECCC830-D77D-4547-941E-BAE867D22322} = {9B129EA1-D4F7-49C8-AD58-84FE40446B81}
		{04ECEA22-9CB4-4E34-B90A-DC4A962C6708} = {9B129EA1-D4F7-49C8-AD58-84FE40446B81}
	EndGlobalSection
EndGlobal
