<?xml version="1.0" encoding="utf-8"?>
<Project ToolsVersion="4.0" xmlns="http://schemas.microsoft.com/developer/msbuild/2003">
  <ItemGroup>
    <Filter Include="Source Files">
      <UniqueIdentifier>{4FC737F1-C7A5-4376-A066-2A32D752A2FF}</UniqueIdentifier>
      <Extensions>cpp;c;cc;cxx;def;odl;idl;hpj;bat;asm;asmx</Extensions>
    </Filter>
    <Filter Include="Header Files">
      <UniqueIdentifier>{93995380-89BD-4b04-88EB-625FBE52EBFB}</UniqueIdentifier>
      <Extensions>h;hh;hpp;hxx;hm;inl;inc;xsd</Extensions>
    </Filter>
    <Filter Include="Header Files\Device">
      <UniqueIdentifier>{1e9967d9-806a-4d1d-9a5d-6dbd5c2b32d4}</UniqueIdentifier>
    </Filter>
    <Filter Include="Source Files\Device">
      <UniqueIdentifier>{1e97b888-bf10-41d6-a148-ce9d3205ada0}</UniqueIdentifier>
    </Filter>
    <Filter Include="Header Files\Device\Context">
      <UniqueIdentifier>{01d5070c-e534-45b9-b77d-218b1e277b12}</UniqueIdentifier>
    </Filter>
    <Filter Include="Header Files\Device\Context\FrameBuffer">
      <UniqueIdentifier>{2ca0afff-fc52-468d-958b-e077256d0d09}</UniqueIdentifier>
    </Filter>
    <Filter Include="Header Files\Device\Context\VertexArray">
      <UniqueIdentifier>{12e328a5-c277-48d4-ac91-44aaccd47c25}</UniqueIdentifier>
    </Filter>
    <Filter Include="Header Files\Device\Shader">
      <UniqueIdentifier>{e17664e0-095b-4d50-b230-d4adb6fe1c2f}</UniqueIdentifier>
    </Filter>
    <Filter Include="Header Files\Device\Textures">
      <UniqueIdentifier>{daa97890-bc94-49f5-b99b-4fe93a2d35f2}</UniqueIdentifier>
    </Filter>
    <Filter Include="Header Files\Device\Buffer">
      <UniqueIdentifier>{14ee6729-2aa9-42c7-9cca-34544f4acd2f}</UniqueIdentifier>
    </Filter>
    <Filter Include="Source Files\Device\Buffer">
      <UniqueIdentifier>{189eea17-30ec-4927-a44b-4a4802dcd343}</UniqueIdentifier>
    </Filter>
    <Filter Include="Source Files\Device\Context">
      <UniqueIdentifier>{504b0535-67d0-4fe8-b3f0-00a846b718a6}</UniqueIdentifier>
    </Filter>
    <Filter Include="Source Files\Device\Shader">
      <UniqueIdentifier>{2e8a7053-ab0e-4d84-9ee6-a229a4e0154b}</UniqueIdentifier>
    </Filter>
    <Filter Include="Source Files\Device\Textures">
      <UniqueIdentifier>{c2487e9b-a2db-45e6-9f13-d30752ecefa8}</UniqueIdentifier>
    </Filter>
    <Filter Include="Source Files\Device\Context\FrameBuffer">
      <UniqueIdentifier>{d5504456-8651-4512-b462-e500eaed7957}</UniqueIdentifier>
    </Filter>
    <Filter Include="Source Files\Device\Context\VertexArray">
      <UniqueIdentifier>{8d5d0585-f62a-4efb-acb0-9aa0718969b6}</UniqueIdentifier>
    </Filter>
  </ItemGroup>
  <ItemGroup>
    <ClCompile Include="..\..\..\..\src\Engine\RenderDeviceImplementations\DirectX12RenderDevice\DLLExport.cpp">
      <Filter>Source Files</Filter>
    </ClCompile>
    <ClCompile Include="..\..\..\..\src\Engine\RenderDeviceImplementations\DirectX12RenderDevice\BowD3D12GraphicsWindow.cpp">
      <Filter>Source Files\Device</Filter>
    </ClCompile>
    <ClCompile Include="..\..\..\..\src\Engine\RenderDeviceImplementations\DirectX12RenderDevice\BowD3D12RenderContext.cpp">
      <Filter>Source Files\Device</Filter>
    </ClCompile>
    <ClCompile Include="..\..\..\..\src\Engine\RenderDeviceImplementations\DirectX12RenderDevice\BowD3D12RenderDevice.cpp">
      <Filter>Source Files</Filter>
    </ClCompile>
    <ClCompile Include="..\..\..\..\src\Engine\RenderDeviceImplementations\DirectX12RenderDevice\BowD3D12Utils.cpp">
      <Filter>Source Files</Filter>
    </ClCompile>
    <ClCompile Include="..\..\..\..\src\Engine\RenderDeviceImplementations\DirectX12RenderDevice\BowD3D12VertexBuffer.cpp">
      <Filter>Source Files\Device\Buffer</Filter>
    </ClCompile>
    <ClCompile Include="..\..\..\..\src\Engine\RenderDeviceImplementations\DirectX12RenderDevice\BowD3D12TypeConverter.cpp">
      <Filter>Source Files</Filter>
    </ClCompile>
    <ClCompile Include="..\..\..\..\src\Engine\RenderDeviceImplementations\DirectX12RenderDevice\BowD3D12ShaderProgram.cpp">
      <Filter>Source Files\Device\Shader</Filter>
    </ClCompile>
    <ClCompile Include="..\..\..\..\src\Engine\RenderDeviceImplementations\DirectX12RenderDevice\BowD3D12FragmentOutputs.cpp">
      <Filter>Source Files\Device\Shader</Filter>
    </ClCompile>
    <ClCompile Include="..\..\..\..\src\Engine\RenderDeviceImplementations\DirectX12RenderDevice\BowD3D12VertexArray.cpp">
      <Filter>Source Files\Device\Context\VertexArray</Filter>
    </ClCompile>
    <ClCompile Include="..\..\..\..\src\Engine\RenderDeviceImplementations\DirectX12RenderDevice\BowD3D12VertexBufferAttributes.cpp">
      <Filter>Source Files\Device\Context\VertexArray</Filter>
    </ClCompile>
    <ClCompile Include="..\..\..\..\src\Engine\RenderDeviceImplementations\DirectX12RenderDevice\BowD3D12RenderDevice_Resources.cpp">
      <Filter>Source Files</Filter>
    </ClCompile>
  </ItemGroup>
  <ItemGroup>
    <ClInclude Include="..\..\..\..\src\Engine\RenderDeviceImplementations\DirectX12RenderDevice\d3dx12.h">
      <Filter>Header Files</Filter>
    </ClInclude>
    <ClInclude Include="..\..\..\..\include\BowPrerequisites.h">
      <Filter>Header Files</Filter>
    </ClInclude>
    <ClInclude Include="..\..\..\..\src\Engine\RenderDeviceImplementations\DirectX12RenderDevice\BowD3D12GraphicsWindow.h">
      <Filter>Header Files\Device</Filter>
    </ClInclude>
    <ClInclude Include="..\..\..\..\src\Engine\RenderDeviceImplementations\DirectX12RenderDevice\BowD3D12RenderContext.h">
      <Filter>Header Files\Device</Filter>
    </ClInclude>
    <ClInclude Include="..\..\..\..\src\Engine\RenderDeviceImplementations\DirectX12RenderDevice\BowD3D12RenderDevice.h">
      <Filter>Header Files</Filter>
    </ClInclude>
    <ClInclude Include="..\..\..\..\src\Engine\RenderDeviceImplementations\DirectX12RenderDevice\BowD3D12RenderDevicePredeclares.h">
      <Filter>Header Files</Filter>
    </ClInclude>
    <ClInclude Include="..\..\..\..\src\Engine\RenderDeviceImplementations\DirectX12RenderDevice\BowD3D12VertexBuffer.h">
      <Filter>Header Files\Device\Buffer</Filter>
    </ClInclude>
    <ClInclude Include="..\..\..\..\src\Engine\RenderDeviceImplementations\DirectX12RenderDevice\BowD3D12TypeConverter.h">
      <Filter>Header Files</Filter>
    </ClInclude>
    <ClInclude Include="..\..\..\..\src\Engine\RenderDeviceImplementations\DirectX12RenderDevice\BowD3D12ShaderProgram.h">
      <Filter>Header Files\Device\Shader</Filter>
    </ClInclude>
    <ClInclude Include="..\..\..\..\src\Engine\RenderDeviceImplementations\DirectX12RenderDevice\BowD3D12FragmentOutputs.h">
      <Filter>Header Files\Device\Shader</Filter>
    </ClInclude>
    <ClInclude Include="..\..\..\..\src\Engine\RenderDeviceImplementations\DirectX12RenderDevice\BowD3D12VertexArray.h">
      <Filter>Header Files\Device\Context\VertexArray</Filter>
    </ClInclude>
    <ClInclude Include="..\..\..\..\src\Engine\RenderDeviceImplementations\DirectX12RenderDevice\BowD3D12VertexBufferAttributes.h">
      <Filter>Header Files\Device\Context\VertexArray</Filter>
    </ClInclude>
  </ItemGroup>
</Project>