<?xml version="1.0" encoding="utf-8"?>
<Project ToolsVersion="4.0" xmlns="http://schemas.microsoft.com/developer/msbuild/2003">
  <ItemGroup>
    <Filter Include="Source Files">
      <UniqueIdentifier>{4FC737F1-C7A5-4376-A066-2A32D752A2FF}</UniqueIdentifier>
      <Extensions>cpp;c;cc;cxx;def;odl;idl;hpj;bat;asm;asmx</Extensions>
    </Filter>
    <Filter Include="Header Files">
      <UniqueIdentifier>{93995380-89BD-4b04-88EB-625FBE52EBFB}</UniqueIdentifier>
      <Extensions>h;hh;hpp;hxx;hm;inl;inc;xsd</Extensions>
    </Filter>
    <Filter Include="Header Files\Resources">
      <UniqueIdentifier>{43f478fb-0d22-46b8-a0db-3e7ff5057356}</UniqueIdentifier>
    </Filter>
    <Filter Include="Source Files\Resources">
      <UniqueIdentifier>{396be42e-3f30-4a24-9311-5c9002d2fbe0}</UniqueIdentifier>
    </Filter>
    <Filter Include="Source Files\ResourceManagers">
      <UniqueIdentifier>{5b89780c-0cd5-4e46-8075-0f5f9b13151b}</UniqueIdentifier>
    </Filter>
    <Filter Include="Header Files\ResourceManagers">
      <UniqueIdentifier>{234b8660-bbe5-40ab-b403-7990b3c354e3}</UniqueIdentifier>
    </Filter>
    <Filter Include="Header Files\FileLoaders">
      <UniqueIdentifier>{9ea03e45-1bde-4b32-8a6b-ae321d1c4dae}</UniqueIdentifier>
    </Filter>
    <Filter Include="Header Files\FileLoaders\MeshLoader">
      <UniqueIdentifier>{0f5665b4-3e68-4fb4-b838-f71b8931a180}</UniqueIdentifier>
    </Filter>
    <Filter Include="Source Files\FileLoaders">
      <UniqueIdentifier>{61a470ab-acf7-45d5-98f6-63863c541919}</UniqueIdentifier>
    </Filter>
    <Filter Include="Source Files\FileLoaders\MeshLoader">
      <UniqueIdentifier>{0c2cc53e-ec36-4357-be4e-2090b2899dbe}</UniqueIdentifier>
    </Filter>
    <Filter Include="Source Files\FileLoaders\ImageLoader">
      <UniqueIdentifier>{0f5854fa-6632-4596-a814-3724190091c2}</UniqueIdentifier>
    </Filter>
    <Filter Include="Header Files\FileLoaders\PointCloudLoader">
      <UniqueIdentifier>{91f42a0a-fbc5-4e33-a252-ecfa46850aea}</UniqueIdentifier>
    </Filter>
    <Filter Include="Source Files\FileLoaders\PointCloudLoader">
      <UniqueIdentifier>{72fb2980-fafa-4383-ba3e-8675641c8a96}</UniqueIdentifier>
    </Filter>
    <Filter Include="Header Files\FileLoaders\ImageLoader">
      <UniqueIdentifier>{8537a213-0610-41ac-8eed-2e51e620addc}</UniqueIdentifier>
    </Filter>
  </ItemGroup>
  <ItemGroup>
    <ClInclude Include="..\..\..\include\BowResourceManager.h">
      <Filter>Header Files</Filter>
    </ClInclude>
    <ClInclude Include="..\..\..\include\BowResourcesPredeclares.h">
      <Filter>Header Files</Filter>
    </ClInclude>
    <ClInclude Include="..\..\..\include\BowResources.h">
      <Filter>Header Files</Filter>
    </ClInclude>
    <ClInclude Include="..\..\..\include\BowResource.h">
      <Filter>Header Files</Filter>
    </ClInclude>
    <ClInclude Include="..\..\..\include\BowMeshManager.h">
      <Filter>Header Files\ResourceManagers</Filter>
    </ClInclude>
    <ClInclude Include="..\..\..\include\BowPointCloudManager.h">
      <Filter>Header Files\ResourceManagers</Filter>
    </ClInclude>
    <ClInclude Include="..\..\..\include\BowImageManager.h">
      <Filter>Header Files\ResourceManagers</Filter>
    </ClInclude>
    <ClInclude Include="..\..\..\src\Engine\Resources\BowModelLoader_obj.h">
      <Filter>Header Files\FileLoaders\MeshLoader</Filter>
    </ClInclude>
    <ClInclude Include="..\..\..\src\Engine\Resources\BowImageLoader_bmp.h">
      <Filter>Header Files\FileLoaders\ImageLoader</Filter>
    </ClInclude>
    <ClInclude Include="..\..\..\src\Engine\Resources\BowImageLoader_png.h">
      <Filter>Header Files\FileLoaders\ImageLoader</Filter>
    </ClInclude>
    <ClInclude Include="..\..\..\src\Engine\Resources\BowPointCloudLoader.h">
      <Filter>Header Files\FileLoaders\PointCloudLoader</Filter>
    </ClInclude>
    <ClInclude Include="..\..\..\include\BowImage.h">
      <Filter>Header Files\Resources</Filter>
    </ClInclude>
    <ClInclude Include="..\..\..\include\BowMaterial.h">
      <Filter>Header Files\Resources</Filter>
    </ClInclude>
    <ClInclude Include="..\..\..\include\BowMesh.h">
      <Filter>Header Files\Resources</Filter>
    </ClInclude>
    <ClInclude Include="..\..\..\include\BowSubMesh.h">
      <Filter>Header Files\Resources</Filter>
    </ClInclude>
    <ClInclude Include="..\..\..\include\BowPointCloud.h">
      <Filter>Header Files\Resources</Filter>
    </ClInclude>
    <ClInclude Include="..\..\..\src\Engine\Resources\BowImageLoader_tga.h">
      <Filter>Header Files\FileLoaders\ImageLoader</Filter>
    </ClInclude>
  </ItemGroup>
  <ItemGroup>
    <ClCompile Include="..\..\..\src\Engine\Resources\BowResourceManager.cpp">
      <Filter>Source Files</Filter>
    </ClCompile>
    <ClCompile Include="..\..\..\src\Engine\Resources\BowResource.cpp">
      <Filter>Source Files</Filter>
    </ClCompile>
    <ClCompile Include="..\..\..\src\Engine\Resources\BowMeshManager.cpp">
      <Filter>Source Files\ResourceManagers</Filter>
    </ClCompile>
    <ClCompile Include="..\..\..\src\Engine\Resources\BowModelLoader_obj.cpp">
      <Filter>Source Files\FileLoaders\MeshLoader</Filter>
    </ClCompile>
    <ClCompile Include="..\..\..\src\Engine\Resources\BowPointCloudManager.cpp">
      <Filter>Source Files\ResourceManagers</Filter>
    </ClCompile>
    <ClCompile Include="..\..\..\src\Engine\Resources\BowImageManager.cpp">
      <Filter>Source Files\ResourceManagers</Filter>
    </ClCompile>
    <ClCompile Include="..\..\..\src\Engine\Resources\BowPointCloudLoader.cpp">
      <Filter>Source Files\FileLoaders\PointCloudLoader</Filter>
    </ClCompile>
    <ClCompile Include="..\..\..\src\Engine\Resources\BowImageLoader_bmp.cpp">
      <Filter>Source Files\FileLoaders\ImageLoader</Filter>
    </ClCompile>
    <ClCompile Include="..\..\..\src\Engine\Resources\BowImageLoader_png.cpp">
      <Filter>Source Files\FileLoaders\ImageLoader</Filter>
    </ClCompile>
    <ClCompile Include="..\..\..\src\Engine\Resources\BowImage.cpp">
      <Filter>Source Files\Resources</Filter>
    </ClCompile>
    <ClCompile Include="..\..\..\src\Engine\Resources\BowMaterial.cpp">
      <Filter>Source Files\Resources</Filter>
    </ClCompile>
    <ClCompile Include="..\..\..\src\Engine\Resources\BowMesh.cpp">
      <Filter>Source Files\Resources</Filter>
    </ClCompile>
    <ClCompile Include="..\..\..\src\Engine\Resources\BowPointCloud.cpp">
      <Filter>Source Files\Resources</Filter>
    </ClCompile>
    <ClCompile Include="..\..\..\src\Engine\Resources\BowSubMesh.cpp">
      <Filter>Source Files\Resources</Filter>
    </ClCompile>
    <ClCompile Include="..\..\..\src\Engine\Resources\BowImageLoader_tga.cpp">
      <Filter>Source Files\FileLoaders\ImageLoader</Filter>
    </ClCompile>
  </ItemGroup>
</Project>