<?xml version="1.0" encoding="utf-8"?>
<Project ToolsVersion="4.0" xmlns="http://schemas.microsoft.com/developer/msbuild/2003">
  <ItemGroup>
    <Filter Include="Source Files">
      <UniqueIdentifier>{4FC737F1-C7A5-4376-A066-2A32D752A2FF}</UniqueIdentifier>
      <Extensions>cpp;c;cc;cxx;def;odl;idl;hpj;bat;asm;asmx</Extensions>
    </Filter>
    <Filter Include="Header Files">
      <UniqueIdentifier>{93995380-89BD-4b04-88EB-625FBE52EBFB}</UniqueIdentifier>
      <Extensions>h;hh;hpp;hxx;hm;inl;inc;xsd</Extensions>
    </Filter>
    <Filter Include="Header Files\RenderStrategies">
      <UniqueIdentifier>{671db9b1-f279-4eed-9e10-087f02000ed2}</UniqueIdentifier>
    </Filter>
    <Filter Include="Source Files\RenderStrategies">
      <UniqueIdentifier>{5f15b92e-5377-429f-8656-3f07a520ecf8}</UniqueIdentifier>
    </Filter>
    <Filter Include="Header Files\SceneManagementSystems">
      <UniqueIdentifier>{35013d29-cc3f-4f81-894c-6821033e27b0}</UniqueIdentifier>
    </Filter>
    <Filter Include="Source Files\SceneManagementSystems">
      <UniqueIdentifier>{0399fd92-7e26-4b37-a9a9-bd870311f5a6}</UniqueIdentifier>
    </Filter>
  </ItemGroup>
  <ItemGroup>
    <ClInclude Include="..\..\..\include\BowScenePredeclares.h">
      <Filter>Header Files</Filter>
    </ClInclude>
    <ClInclude Include="..\..\..\include\IBowSceneNode.h">
      <Filter>Header Files</Filter>
    </ClInclude>
    <ClInclude Include="..\..\..\include\IBowRenderStrategy.h">
      <Filter>Header Files</Filter>
    </ClInclude>
    <ClInclude Include="..\..\..\include\BowLegacyVertexLitRenderer.h">
      <Filter>Header Files\RenderStrategies</Filter>
    </ClInclude>
    <ClInclude Include="..\..\..\include\BowSceneGraph.h">
      <Filter>Header Files</Filter>
    </ClInclude>
  </ItemGroup>
  <ItemGroup>
    <ClCompile Include="..\..\..\src\Engine\Scene\BowLegacyVertexLitRenderer.cpp">
      <Filter>Source Files\RenderStrategies</Filter>
    </ClCompile>
    <ClCompile Include="..\..\..\src\Engine\Scene\BowSceneGarph.cpp">
      <Filter>Source Files</Filter>
    </ClCompile>
  </ItemGroup>
</Project>