
Microsoft Visual Studio Solution File, Format Version 12.00
# Visual Studio 2012
Project("{8BC9CEB8-8B4A-11D0-8D11-00A0C91BC942}") = "LongBow", "LongBow\LongBow.vcxproj", "{A6C34A23-D5DB-41DD-814D-A98934E6860E}"
	ProjectSection(ProjectDependencies) = postProject
		{9538C93B-9178-429E-A8EF-CD7758DA6551} = {9538C93B-9178-429E-A8EF-CD7758DA6551}
		{D820BEB9-2B96-43FA-87C9-60DC9B3B5BAE} = {D820BEB9-2B96-43FA-87C9-60DC9B3B5BAE}
	EndProjectSection
EndProject
Project("{2150E333-8FDC-42A3-9474-1A3956D46DE8}") = "Engine", "Engine", "{4722C469-8EFD-4F39-AB72-B47149D38887}"
EndProject
Project("{2150E333-8FDC-42A3-9474-1A3956D46DE8}") = "Samples", "Samples", "{0112F522-8923-4097-8E51-2FF3DDB3CC38}"
EndProject
Project("{8BC9CEB8-8B4A-11D0-8D11-00A0C91BC942}") = "01_Triangle", "..\Samples\01_Triangle\Triangle.vcxproj", "{EE113618-A870-4D53-AA82-F8665857A2FA}"
	ProjectSection(ProjectDependencies) = postProject
		{A6C34A23-D5DB-41DD-814D-A98934E6860E} = {A6C34A23-D5DB-41DD-814D-A98934E6860E}
		{9538C93B-9178-429E-A8EF-CD7758DA6551} = {9538C93B-9178-429E-A8EF-CD7758DA6551}
		{1CBC81B7-06E3-4AA2-90E4-A92A9A3C6078} = {1CBC81B7-06E3-4AA2-90E4-A92A9A3C6078}
	EndProjectSection
EndProject
Project("{8BC9CEB8-8B4A-11D0-8D11-00A0C91BC942}") = "Framework", "Framework\Framework.vcxproj", "{133E1EE9-2BD9-4972-BEBF-67216DB2E31B}"
EndProject
Project("{2150E333-8FDC-42A3-9474-1A3956D46DE8}") = "Input", "Input", "{9CA1728C-05F6-4BE4-BACB-388BC556AC24}"
EndProject
Project("{2150E333-8FDC-42A3-9474-1A3956D46DE8}") = "Video", "Video", "{4F7966AC-098B-48B1-9214-C47413BB9571}"
EndProject
Project("{2150E333-8FDC-42A3-9474-1A3956D46DE8}") = "Audio", "Audio", "{5CDB5CA3-1977-4432-BF37-98BACC97D58F}"
EndProject
Project("{2150E333-8FDC-42A3-9474-1A3956D46DE8}") = "Network", "Network", "{5E165308-380C-43F3-A169-C885D56039FF}"
EndProject
Project("{8BC9CEB8-8B4A-11D0-8D11-00A0C91BC942}") = "Core", "Core\Core.vcxproj", "{9538C93B-9178-429E-A8EF-CD7758DA6551}"
EndProject
Project("{8BC9CEB8-8B4A-11D0-8D11-00A0C91BC942}") = "Renderer", "Renderer\Renderer.vcxproj", "{D820BEB9-2B96-43FA-87C9-60DC9B3B5BAE}"
	ProjectSection(ProjectDependencies) = postProject
		{9538C93B-9178-429E-A8EF-CD7758DA6551} = {9538C93B-9178-429E-A8EF-CD7758DA6551}
	EndProjectSection
EndProject
Project("{2150E333-8FDC-42A3-9474-1A3956D46DE8}") = "RenderDevice", "RenderDevice", "{D2534FC9-BE72-4F34-BB74-F4612EF94F74}"
EndProject
Project("{8BC9CEB8-8B4A-11D0-8D11-00A0C91BC942}") = "OGLRenderDevice", "OGLRenderDevice\OGLRenderDevice.vcxproj", "{1CBC81B7-06E3-4AA2-90E4-A92A9A3C6078}"
	ProjectSection(ProjectDependencies) = postProject
		{9538C93B-9178-429E-A8EF-CD7758DA6551} = {9538C93B-9178-429E-A8EF-CD7758DA6551}
	EndProjectSection
EndProject
Project("{8BC9CEB8-8B4A-11D0-8D11-00A0C91BC942}") = "02_Textures", "..\Samples\02_Textures\02_Textures.vcxproj", "{CD3AB18B-906C-40AF-9F7D-0AD06FB468F2}"
	ProjectSection(ProjectDependencies) = postProject
		{A6C34A23-D5DB-41DD-814D-A98934E6860E} = {A6C34A23-D5DB-41DD-814D-A98934E6860E}
		{9538C93B-9178-429E-A8EF-CD7758DA6551} = {9538C93B-9178-429E-A8EF-CD7758DA6551}
		{1CBC81B7-06E3-4AA2-90E4-A92A9A3C6078} = {1CBC81B7-06E3-4AA2-90E4-A92A9A3C6078}
	EndProjectSection
EndProject
Project("{8BC9CEB8-8B4A-11D0-8D11-00A0C91BC942}") = "03_FrameBuffer", "..\Samples\03_FrameBuffer\03_FrameBuffer.vcxproj", "{E508B19D-8F59-498B-BFD3-5A5B23C0919C}"
	ProjectSection(ProjectDependencies) = postProject
		{A6C34A23-D5DB-41DD-814D-A98934E6860E} = {A6C34A23-D5DB-41DD-814D-A98934E6860E}
		{9538C93B-9178-429E-A8EF-CD7758DA6551} = {9538C93B-9178-429E-A8EF-CD7758DA6551}
		{1CBC81B7-06E3-4AA2-90E4-A92A9A3C6078} = {1CBC81B7-06E3-4AA2-90E4-A92A9A3C6078}
	EndProjectSection
EndProject
Global
	GlobalSection(SolutionConfigurationPlatforms) = preSolution
		Debug|Win32 = Debug|Win32
		Release|Win32 = Release|Win32
	EndGlobalSection
	GlobalSection(ProjectConfigurationPlatforms) = postSolution
		{A6C34A23-D5DB-41DD-814D-A98934E6860E}.Debug|Win32.ActiveCfg = Debug|Win32
		{A6C34A23-D5DB-41DD-814D-A98934E6860E}.Debug|Win32.Build.0 = Debug|Win32
		{A6C34A23-D5DB-41DD-814D-A98934E6860E}.Release|Win32.ActiveCfg = Release|Win32
		{A6C34A23-D5DB-41DD-814D-A98934E6860E}.Release|Win32.Build.0 = Release|Win32
		{EE113618-A870-4D53-AA82-F8665857A2FA}.Debug|Win32.ActiveCfg = Debug|Win32
		{EE113618-A870-4D53-AA82-F8665857A2FA}.Debug|Win32.Build.0 = Debug|Win32
		{EE113618-A870-4D53-AA82-F8665857A2FA}.Release|Win32.ActiveCfg = Release|Win32
		{EE113618-A870-4D53-AA82-F8665857A2FA}.Release|Win32.Build.0 = Release|Win32
		{133E1EE9-2BD9-4972-BEBF-67216DB2E31B}.Debug|Win32.ActiveCfg = Debug|Win32
		{133E1EE9-2BD9-4972-BEBF-67216DB2E31B}.Debug|Win32.Build.0 = Debug|Win32
		{133E1EE9-2BD9-4972-BEBF-67216DB2E31B}.Release|Win32.ActiveCfg = Release|Win32
		{133E1EE9-2BD9-4972-BEBF-67216DB2E31B}.Release|Win32.Build.0 = Release|Win32
		{9538C93B-9178-429E-A8EF-CD7758DA6551}.Debug|Win32.ActiveCfg = Debug|Win32
		{9538C93B-9178-429E-A8EF-CD7758DA6551}.Debug|Win32.Build.0 = Debug|Win32
		{9538C93B-9178-429E-A8EF-CD7758DA6551}.Release|Win32.ActiveCfg = Release|Win32
		{9538C93B-9178-429E-A8EF-CD7758DA6551}.Release|Win32.Build.0 = Release|Win32
		{D820BEB9-2B96-43FA-87C9-60DC9B3B5BAE}.Debug|Win32.ActiveCfg = Debug|Win32
		{D820BEB9-2B96-43FA-87C9-60DC9B3B5BAE}.Debug|Win32.Build.0 = Debug|Win32
		{D820BEB9-2B96-43FA-87C9-60DC9B3B5BAE}.Release|Win32.ActiveCfg = Release|Win32
		{D820BEB9-2B96-43FA-87C9-60DC9B3B5BAE}.Release|Win32.Build.0 = Release|Win32
		{1CBC81B7-06E3-4AA2-90E4-A92A9A3C6078}.Debug|Win32.ActiveCfg = Debug|Win32
		{1CBC81B7-06E3-4AA2-90E4-A92A9A3C6078}.Debug|Win32.Build.0 = Debug|Win32
		{1CBC81B7-06E3-4AA2-90E4-A92A9A3C6078}.Release|Win32.ActiveCfg = Release|Win32
		{1CBC81B7-06E3-4AA2-90E4-A92A9A3C6078}.Release|Win32.Build.0 = Release|Win32
		{CD3AB18B-906C-40AF-9F7D-0AD06FB468F2}.Debug|Win32.ActiveCfg = Debug|Win32
		{CD3AB18B-906C-40AF-9F7D-0AD06FB468F2}.Debug|Win32.Build.0 = Debug|Win32
		{CD3AB18B-906C-40AF-9F7D-0AD06FB468F2}.Release|Win32.ActiveCfg = Release|Win32
		{CD3AB18B-906C-40AF-9F7D-0AD06FB468F2}.Release|Win32.Build.0 = Release|Win32
		{E508B19D-8F59-498B-BFD3-5A5B23C0919C}.Debug|Win32.ActiveCfg = Debug|Win32
		{E508B19D-8F59-498B-BFD3-5A5B23C0919C}.Debug|Win32.Build.0 = Debug|Win32
		{E508B19D-8F59-498B-BFD3-5A5B23C0919C}.Release|Win32.ActiveCfg = Release|Win32
		{E508B19D-8F59-498B-BFD3-5A5B23C0919C}.Release|Win32.Build.0 = Release|Win32
	EndGlobalSection
	GlobalSection(SolutionProperties) = preSolution
		HideSolutionNode = FALSE
	EndGlobalSection
	GlobalSection(NestedProjects) = preSolution
		{A6C34A23-D5DB-41DD-814D-A98934E6860E} = {4722C469-8EFD-4F39-AB72-B47149D38887}
		{133E1EE9-2BD9-4972-BEBF-67216DB2E31B} = {4722C469-8EFD-4F39-AB72-B47149D38887}
		{9CA1728C-05F6-4BE4-BACB-388BC556AC24} = {4722C469-8EFD-4F39-AB72-B47149D38887}
		{4F7966AC-098B-48B1-9214-C47413BB9571} = {4722C469-8EFD-4F39-AB72-B47149D38887}
		{5CDB5CA3-1977-4432-BF37-98BACC97D58F} = {4722C469-8EFD-4F39-AB72-B47149D38887}
		{5E165308-380C-43F3-A169-C885D56039FF} = {4722C469-8EFD-4F39-AB72-B47149D38887}
		{9538C93B-9178-429E-A8EF-CD7758DA6551} = {4722C469-8EFD-4F39-AB72-B47149D38887}
		{EE113618-A870-4D53-AA82-F8665857A2FA} = {0112F522-8923-4097-8E51-2FF3DDB3CC38}
		{CD3AB18B-906C-40AF-9F7D-0AD06FB468F2} = {0112F522-8923-4097-8E51-2FF3DDB3CC38}
		{E508B19D-8F59-498B-BFD3-5A5B23C0919C} = {0112F522-8923-4097-8E51-2FF3DDB3CC38}
		{D820BEB9-2B96-43FA-87C9-60DC9B3B5BAE} = {4F7966AC-098B-48B1-9214-C47413BB9571}
		{D2534FC9-BE72-4F34-BB74-F4612EF94F74} = {4F7966AC-098B-48B1-9214-C47413BB9571}
		{1CBC81B7-06E3-4AA2-90E4-A92A9A3C6078} = {D2534FC9-BE72-4F34-BB74-F4612EF94F74}
	EndGlobalSection
EndGlobal
